// !$*UTF8*$!
{
	archiveVersion = 1;
	classes = {
	};
	objectVersion = 46;
	objects = {

/* Begin PBXBuildFile section */
		AE2F73CF179982622B65BD91 /* libPods.a in Frameworks */ = {isa = PBXBuildFile; fileRef = 690B0909983859654CA3B2A9 /* libPods.a */; };
		F11267641C055B3100B04AE7 /* XMFindAppModel.swift in Sources */ = {isa = PBXBuildFile; fileRef = F11267631C055B3100B04AE7 /* XMFindAppModel.swift */; };
		F11267691C055D1500B04AE7 /* XMFindAppDownloadModel.swift in Sources */ = {isa = PBXBuildFile; fileRef = F11267681C055D1500B04AE7 /* XMFindAppDownloadModel.swift */; };
		F112676B1C055ED400B04AE7 /* XMFindAppCommentModel.swift in Sources */ = {isa = PBXBuildFile; fileRef = F112676A1C055ED400B04AE7 /* XMFindAppCommentModel.swift */; };
		F118A0361BFC782A002A0C2A /* UIScrollView+XM.swift in Sources */ = {isa = PBXBuildFile; fileRef = F118A0301BFC782A002A0C2A /* UIScrollView+XM.swift */; };
		F118A0371BFC782A002A0C2A /* XMRefreshBase.swift in Sources */ = {isa = PBXBuildFile; fileRef = F118A0311BFC782A002A0C2A /* XMRefreshBase.swift */; };
		F118A0381BFC782A002A0C2A /* XMRefreshConst.swift in Sources */ = {isa = PBXBuildFile; fileRef = F118A0321BFC782A002A0C2A /* XMRefreshConst.swift */; };
		F118A0391BFC782A002A0C2A /* XMRefreshFooterView.swift in Sources */ = {isa = PBXBuildFile; fileRef = F118A0331BFC782A002A0C2A /* XMRefreshFooterView.swift */; };
		F118A03A1BFC782A002A0C2A /* XMRefreshHeaderView.swift in Sources */ = {isa = PBXBuildFile; fileRef = F118A0341BFC782A002A0C2A /* XMRefreshHeaderView.swift */; };
		F12158471BF1C434005E5956 /* UIColor+XM.swift in Sources */ = {isa = PBXBuildFile; fileRef = F12158461BF1C434005E5956 /* UIColor+XM.swift */; };
		F12158491BF1C55D005E5956 /* String+XM.swift in Sources */ = {isa = PBXBuildFile; fileRef = F12158481BF1C55D005E5956 /* String+XM.swift */; };
		F12158751BF32072005E5956 /* NSDate+XM.swift in Sources */ = {isa = PBXBuildFile; fileRef = F12158741BF32072005E5956 /* NSDate+XM.swift */; };
		F121587E1BF39C16005E5956 /* XMHomeBottomItemView.swift in Sources */ = {isa = PBXBuildFile; fileRef = F121587D1BF39C16005E5956 /* XMHomeBottomItemView.swift */; };
		F12158801BF39CA2005E5956 /* XMHomeBottomItemView.xib in Resources */ = {isa = PBXBuildFile; fileRef = F121587F1BF39CA2005E5956 /* XMHomeBottomItemView.xib */; };
		F1414E8A1C049BAA00880C1F /* XMFindAppCell.swift in Sources */ = {isa = PBXBuildFile; fileRef = F1414E891C049BAA00880C1F /* XMFindAppCell.swift */; };
		F1414E8C1C049BB700880C1F /* XMFindAppCell.xib in Resources */ = {isa = PBXBuildFile; fileRef = F1414E8B1C049BB700880C1F /* XMFindAppCell.xib */; };
		F171CCB71BEBB15300F61307 /* AppDelegate.swift in Sources */ = {isa = PBXBuildFile; fileRef = F171CCB61BEBB15300F61307 /* AppDelegate.swift */; };
		F171CCBE1BEBB15300F61307 /* Assets.xcassets in Resources */ = {isa = PBXBuildFile; fileRef = F171CCBD1BEBB15300F61307 /* Assets.xcassets */; };
		F17CFC301BF0D54D000D2A87 /* XMNetworkTool.swift in Sources */ = {isa = PBXBuildFile; fileRef = F17CFC2F1BF0D54D000D2A87 /* XMNetworkTool.swift */; };
		F17CFC341BF0D7A6000D2A87 /* XMBaseViewController.swift in Sources */ = {isa = PBXBuildFile; fileRef = F17CFC331BF0D7A6000D2A87 /* XMBaseViewController.swift */; };
		F17CFC361BF0D7F0000D2A87 /* UIViewController+XM.swift in Sources */ = {isa = PBXBuildFile; fileRef = F17CFC351BF0D7F0000D2A87 /* UIViewController+XM.swift */; };
		F17CFC391BF0DD29000D2A87 /* APIConfig.swift in Sources */ = {isa = PBXBuildFile; fileRef = F17CFC381BF0DD29000D2A87 /* APIConfig.swift */; };
		F1975B5D1C045C3E001A983D /* XMFindAppController.swift in Sources */ = {isa = PBXBuildFile; fileRef = F1975B5C1C045C3E001A983D /* XMFindAppController.swift */; };
		F1975B5F1C045D53001A983D /* XMFindAppHeaderView.swift in Sources */ = {isa = PBXBuildFile; fileRef = F1975B5E1C045D53001A983D /* XMFindAppHeaderView.swift */; };
		F1975B611C045D60001A983D /* XMFindAppHeaderView.xib in Resources */ = {isa = PBXBuildFile; fileRef = F1975B601C045D60001A983D /* XMFindAppHeaderView.xib */; };
		F19EF0401BF0874800916297 /* XMHomeHeaderView.swift in Sources */ = {isa = PBXBuildFile; fileRef = F19EF03F1BF0874800916297 /* XMHomeHeaderView.swift */; };
		F19EF0421BF0875C00916297 /* XMHomeHeaderView.xib in Resources */ = {isa = PBXBuildFile; fileRef = F19EF0411BF0875C00916297 /* XMHomeHeaderView.xib */; };
		F19EF0441BF08C0000916297 /* AppConfig.swift in Sources */ = {isa = PBXBuildFile; fileRef = F19EF0431BF08C0000916297 /* AppConfig.swift */; };
		F19EF0461BF0926F00916297 /* XMHomeDataModel.swift in Sources */ = {isa = PBXBuildFile; fileRef = F19EF0451BF0926F00916297 /* XMHomeDataModel.swift */; };
		F19EF0481BF0959C00916297 /* XMUpUserDataModel.swift in Sources */ = {isa = PBXBuildFile; fileRef = F19EF0471BF0959C00916297 /* XMUpUserDataModel.swift */; };
		F19EF04A1BF097B900916297 /* XMInfoDataModel.swift in Sources */ = {isa = PBXBuildFile; fileRef = F19EF0491BF097B900916297 /* XMInfoDataModel.swift */; };
		F19EF0681BF0A75700916297 /* XMCommentsDataModel.swift in Sources */ = {isa = PBXBuildFile; fileRef = F19EF0671BF0A75700916297 /* XMCommentsDataModel.swift */; };
		F1A6F2EC1BEF937100786700 /* XMHomeViewController.swift in Sources */ = {isa = PBXBuildFile; fileRef = F1A6F2EB1BEF937100786700 /* XMHomeViewController.swift */; };
		F1A6F2EE1BEF98B100786700 /* XMHomeCenterItemView.swift in Sources */ = {isa = PBXBuildFile; fileRef = F1A6F2ED1BEF98B100786700 /* XMHomeCenterItemView.swift */; };
		F1A6F2F01BEF98D000786700 /* XMHomeCenterItemView.xib in Resources */ = {isa = PBXBuildFile; fileRef = F1A6F2EF1BEF98D000786700 /* XMHomeCenterItemView.xib */; };
		F1A6F3001BEFA2DE00786700 /* UIBarButtonItem+XM.swift in Sources */ = {isa = PBXBuildFile; fileRef = F1A6F2FC1BEFA2DE00786700 /* UIBarButtonItem+XM.swift */; };
		F1A6F3011BEFA2DE00786700 /* UIView+XM.swift in Sources */ = {isa = PBXBuildFile; fileRef = F1A6F2FD1BEFA2DE00786700 /* UIView+XM.swift */; };
		F1A6F3021BEFA2DE00786700 /* XMImageView.swift in Sources */ = {isa = PBXBuildFile; fileRef = F1A6F2FE1BEFA2DE00786700 /* XMImageView.swift */; };
		F1A6F3031BEFA2DE00786700 /* XMView.swift in Sources */ = {isa = PBXBuildFile; fileRef = F1A6F2FF1BEFA2DE00786700 /* XMView.swift */; };
		F1A6F3051BEFA86C00786700 /* UILabel+XM.swift in Sources */ = {isa = PBXBuildFile; fileRef = F1A6F3041BEFA86C00786700 /* UILabel+XM.swift */; };
		F1B82DA61BF9CCBC001CA4A6 /* XMMenuViewController.swift in Sources */ = {isa = PBXBuildFile; fileRef = F1B82DA51BF9CCBC001CA4A6 /* XMMenuViewController.swift */; };
		F1B82E601BFB05E3001CA4A6 /* XMHomeCenterFlowLayout.swift in Sources */ = {isa = PBXBuildFile; fileRef = F1B82E5F1BFB05E3001CA4A6 /* XMHomeCenterFlowLayout.swift */; };
		F1B82E631BFB2265001CA4A6 /* XMHomeViewModel.swift in Sources */ = {isa = PBXBuildFile; fileRef = F1B82E621BFB2265001CA4A6 /* XMHomeViewModel.swift */; };
		F1B82E651BFB2334001CA4A6 /* XMHomeBottomFlowLayout.swift in Sources */ = {isa = PBXBuildFile; fileRef = F1B82E641BFB2334001CA4A6 /* XMHomeBottomFlowLayout.swift */; };
		F1BA9A6D1C0021D90022CCDC /* XMBaseNavController.swift in Sources */ = {isa = PBXBuildFile; fileRef = F1BA9A6C1C0021D90022CCDC /* XMBaseNavController.swift */; };
		F1F196361C05AB5A00FA4DA1 /* XMFindAppViewModel.swift in Sources */ = {isa = PBXBuildFile; fileRef = F1F196351C05AB5A00FA4DA1 /* XMFindAppViewModel.swift */; };
		F1F2224E1BFDD43800E926AF /* XMClassifyViewController.swift in Sources */ = {isa = PBXBuildFile; fileRef = F1F222471BFDD43800E926AF /* XMClassifyViewController.swift */; };
		F1F222501BFDD43800E926AF /* XMClassifyCenterView.swift in Sources */ = {isa = PBXBuildFile; fileRef = F1F2224B1BFDD43800E926AF /* XMClassifyCenterView.swift */; };
		F1F222511BFDD43800E926AF /* XMClassifyCenterView.xib in Resources */ = {isa = PBXBuildFile; fileRef = F1F2224C1BFDD43800E926AF /* XMClassifyCenterView.xib */; };
		F1F222581BFE192400E926AF /* XMHomeDetailController.swift in Sources */ = {isa = PBXBuildFile; fileRef = F1F222571BFE192400E926AF /* XMHomeDetailController.swift */; };
		F1F2225A1BFE19BF00E926AF /* XMHomeDetailCenterView.swift in Sources */ = {isa = PBXBuildFile; fileRef = F1F222591BFE19BF00E926AF /* XMHomeDetailCenterView.swift */; };
		F1F2225C1BFE1DE900E926AF /* XMHomeDetailCenterView.xib in Resources */ = {isa = PBXBuildFile; fileRef = F1F2225B1BFE1DE900E926AF /* XMHomeDetailCenterView.xib */; };
		F1F2225E1BFEB7E600E926AF /* XMHomeBottomCollectView.swift in Sources */ = {isa = PBXBuildFile; fileRef = F1F2225D1BFEB7E600E926AF /* XMHomeBottomCollectView.swift */; };
/* End PBXBuildFile section */

/* Begin PBXFileReference section */
		690B0909983859654CA3B2A9 /* libPods.a */ = {isa = PBXFileReference; explicitFileType = archive.ar; includeInIndex = 0; path = libPods.a; sourceTree = BUILT_PRODUCTS_DIR; };
		6D90D19CB9B1DAC200609A8C /* Pods.release.xcconfig */ = {isa = PBXFileReference; includeInIndex = 1; lastKnownFileType = text.xcconfig; name = Pods.release.xcconfig; path = "Pods/Target Support Files/Pods/Pods.release.xcconfig"; sourceTree = "<group>"; };
		9EF9E78C067AFDD1AB3F8B29 /* Pods.debug.xcconfig */ = {isa = PBXFileReference; includeInIndex = 1; lastKnownFileType = text.xcconfig; name = Pods.debug.xcconfig; path = "Pods/Target Support Files/Pods/Pods.debug.xcconfig"; sourceTree = "<group>"; };
		F11267631C055B3100B04AE7 /* XMFindAppModel.swift */ = {isa = PBXFileReference; fileEncoding = 4; lastKnownFileType = sourcecode.swift; path = XMFindAppModel.swift; sourceTree = "<group>"; };
		F11267681C055D1500B04AE7 /* XMFindAppDownloadModel.swift */ = {isa = PBXFileReference; fileEncoding = 4; lastKnownFileType = sourcecode.swift; path = XMFindAppDownloadModel.swift; sourceTree = "<group>"; };
		F112676A1C055ED400B04AE7 /* XMFindAppCommentModel.swift */ = {isa = PBXFileReference; fileEncoding = 4; lastKnownFileType = sourcecode.swift; path = XMFindAppCommentModel.swift; sourceTree = "<group>"; };
		F118A0301BFC782A002A0C2A /* UIScrollView+XM.swift */ = {isa = PBXFileReference; fileEncoding = 4; lastKnownFileType = sourcecode.swift; path = "UIScrollView+XM.swift"; sourceTree = "<group>"; };
		F118A0311BFC782A002A0C2A /* XMRefreshBase.swift */ = {isa = PBXFileReference; fileEncoding = 4; lastKnownFileType = sourcecode.swift; path = XMRefreshBase.swift; sourceTree = "<group>"; };
		F118A0321BFC782A002A0C2A /* XMRefreshConst.swift */ = {isa = PBXFileReference; fileEncoding = 4; lastKnownFileType = sourcecode.swift; path = XMRefreshConst.swift; sourceTree = "<group>"; };
		F118A0331BFC782A002A0C2A /* XMRefreshFooterView.swift */ = {isa = PBXFileReference; fileEncoding = 4; lastKnownFileType = sourcecode.swift; path = XMRefreshFooterView.swift; sourceTree = "<group>"; };
		F118A0341BFC782A002A0C2A /* XMRefreshHeaderView.swift */ = {isa = PBXFileReference; fileEncoding = 4; lastKnownFileType = sourcecode.swift; path = XMRefreshHeaderView.swift; sourceTree = "<group>"; };
		F12158461BF1C434005E5956 /* UIColor+XM.swift */ = {isa = PBXFileReference; fileEncoding = 4; lastKnownFileType = sourcecode.swift; path = "UIColor+XM.swift"; sourceTree = "<group>"; };
		F12158481BF1C55D005E5956 /* String+XM.swift */ = {isa = PBXFileReference; fileEncoding = 4; lastKnownFileType = sourcecode.swift; path = "String+XM.swift"; sourceTree = "<group>"; };
		F12158741BF32072005E5956 /* NSDate+XM.swift */ = {isa = PBXFileReference; fileEncoding = 4; lastKnownFileType = sourcecode.swift; path = "NSDate+XM.swift"; sourceTree = "<group>"; };
		F121587D1BF39C16005E5956 /* XMHomeBottomItemView.swift */ = {isa = PBXFileReference; fileEncoding = 4; lastKnownFileType = sourcecode.swift; path = XMHomeBottomItemView.swift; sourceTree = "<group>"; };
		F121587F1BF39CA2005E5956 /* XMHomeBottomItemView.xib */ = {isa = PBXFileReference; fileEncoding = 4; lastKnownFileType = file.xib; path = XMHomeBottomItemView.xib; sourceTree = "<group>"; };
		F1414E891C049BAA00880C1F /* XMFindAppCell.swift */ = {isa = PBXFileReference; fileEncoding = 4; lastKnownFileType = sourcecode.swift; path = XMFindAppCell.swift; sourceTree = "<group>"; };
		F1414E8B1C049BB700880C1F /* XMFindAppCell.xib */ = {isa = PBXFileReference; fileEncoding = 4; lastKnownFileType = file.xib; path = XMFindAppCell.xib; sourceTree = "<group>"; };
		F171CCB31BEBB15300F61307 /* BeautifulApp.app */ = {isa = PBXFileReference; explicitFileType = wrapper.application; includeInIndex = 0; path = BeautifulApp.app; sourceTree = BUILT_PRODUCTS_DIR; };
		F171CCB61BEBB15300F61307 /* AppDelegate.swift */ = {isa = PBXFileReference; lastKnownFileType = sourcecode.swift; path = AppDelegate.swift; sourceTree = "<group>"; };
		F171CCBD1BEBB15300F61307 /* Assets.xcassets */ = {isa = PBXFileReference; lastKnownFileType = folder.assetcatalog; path = Assets.xcassets; sourceTree = "<group>"; };
		F171CCC21BEBB15300F61307 /* Info.plist */ = {isa = PBXFileReference; lastKnownFileType = text.plist.xml; path = Info.plist; sourceTree = "<group>"; };
		F17CFC2F1BF0D54D000D2A87 /* XMNetworkTool.swift */ = {isa = PBXFileReference; fileEncoding = 4; lastKnownFileType = sourcecode.swift; path = XMNetworkTool.swift; sourceTree = "<group>"; };
		F17CFC331BF0D7A6000D2A87 /* XMBaseViewController.swift */ = {isa = PBXFileReference; fileEncoding = 4; lastKnownFileType = sourcecode.swift; path = XMBaseViewController.swift; sourceTree = "<group>"; };
		F17CFC351BF0D7F0000D2A87 /* UIViewController+XM.swift */ = {isa = PBXFileReference; fileEncoding = 4; lastKnownFileType = sourcecode.swift; path = "UIViewController+XM.swift"; sourceTree = "<group>"; };
		F17CFC371BF0DB67000D2A87 /* beautifulApp-Bridging-Header.h */ = {isa = PBXFileReference; lastKnownFileType = sourcecode.c.h; path = "beautifulApp-Bridging-Header.h"; sourceTree = "<group>"; };
		F17CFC381BF0DD29000D2A87 /* APIConfig.swift */ = {isa = PBXFileReference; fileEncoding = 4; lastKnownFileType = sourcecode.swift; path = APIConfig.swift; sourceTree = "<group>"; };
		F1975B5C1C045C3E001A983D /* XMFindAppController.swift */ = {isa = PBXFileReference; fileEncoding = 4; lastKnownFileType = sourcecode.swift; path = XMFindAppController.swift; sourceTree = "<group>"; };
		F1975B5E1C045D53001A983D /* XMFindAppHeaderView.swift */ = {isa = PBXFileReference; fileEncoding = 4; lastKnownFileType = sourcecode.swift; path = XMFindAppHeaderView.swift; sourceTree = "<group>"; };
		F1975B601C045D60001A983D /* XMFindAppHeaderView.xib */ = {isa = PBXFileReference; fileEncoding = 4; lastKnownFileType = file.xib; path = XMFindAppHeaderView.xib; sourceTree = "<group>"; };
		F19EF03F1BF0874800916297 /* XMHomeHeaderView.swift */ = {isa = PBXFileReference; fileEncoding = 4; lastKnownFileType = sourcecode.swift; path = XMHomeHeaderView.swift; sourceTree = "<group>"; };
		F19EF0411BF0875C00916297 /* XMHomeHeaderView.xib */ = {isa = PBXFileReference; fileEncoding = 4; lastKnownFileType = file.xib; path = XMHomeHeaderView.xib; sourceTree = "<group>"; };
		F19EF0431BF08C0000916297 /* AppConfig.swift */ = {isa = PBXFileReference; fileEncoding = 4; lastKnownFileType = sourcecode.swift; path = AppConfig.swift; sourceTree = "<group>"; };
		F19EF0451BF0926F00916297 /* XMHomeDataModel.swift */ = {isa = PBXFileReference; fileEncoding = 4; lastKnownFileType = sourcecode.swift; path = XMHomeDataModel.swift; sourceTree = "<group>"; };
		F19EF0471BF0959C00916297 /* XMUpUserDataModel.swift */ = {isa = PBXFileReference; fileEncoding = 4; lastKnownFileType = sourcecode.swift; path = XMUpUserDataModel.swift; sourceTree = "<group>"; };
		F19EF0491BF097B900916297 /* XMInfoDataModel.swift */ = {isa = PBXFileReference; fileEncoding = 4; lastKnownFileType = sourcecode.swift; path = XMInfoDataModel.swift; sourceTree = "<group>"; };
		F19EF0671BF0A75700916297 /* XMCommentsDataModel.swift */ = {isa = PBXFileReference; fileEncoding = 4; lastKnownFileType = sourcecode.swift; path = XMCommentsDataModel.swift; sourceTree = "<group>"; };
		F1A6F2EB1BEF937100786700 /* XMHomeViewController.swift */ = {isa = PBXFileReference; fileEncoding = 4; lastKnownFileType = sourcecode.swift; path = XMHomeViewController.swift; sourceTree = "<group>"; };
		F1A6F2ED1BEF98B100786700 /* XMHomeCenterItemView.swift */ = {isa = PBXFileReference; fileEncoding = 4; lastKnownFileType = sourcecode.swift; path = XMHomeCenterItemView.swift; sourceTree = "<group>"; };
		F1A6F2EF1BEF98D000786700 /* XMHomeCenterItemView.xib */ = {isa = PBXFileReference; fileEncoding = 4; lastKnownFileType = file.xib; path = XMHomeCenterItemView.xib; sourceTree = "<group>"; };
		F1A6F2FC1BEFA2DE00786700 /* UIBarButtonItem+XM.swift */ = {isa = PBXFileReference; fileEncoding = 4; lastKnownFileType = sourcecode.swift; path = "UIBarButtonItem+XM.swift"; sourceTree = "<group>"; };
		F1A6F2FD1BEFA2DE00786700 /* UIView+XM.swift */ = {isa = PBXFileReference; fileEncoding = 4; lastKnownFileType = sourcecode.swift; path = "UIView+XM.swift"; sourceTree = "<group>"; };
		F1A6F2FE1BEFA2DE00786700 /* XMImageView.swift */ = {isa = PBXFileReference; fileEncoding = 4; lastKnownFileType = sourcecode.swift; path = XMImageView.swift; sourceTree = "<group>"; };
		F1A6F2FF1BEFA2DE00786700 /* XMView.swift */ = {isa = PBXFileReference; fileEncoding = 4; lastKnownFileType = sourcecode.swift; path = XMView.swift; sourceTree = "<group>"; };
		F1A6F3041BEFA86C00786700 /* UILabel+XM.swift */ = {isa = PBXFileReference; fileEncoding = 4; lastKnownFileType = sourcecode.swift; path = "UILabel+XM.swift"; sourceTree = "<group>"; };
		F1B82DA51BF9CCBC001CA4A6 /* XMMenuViewController.swift */ = {isa = PBXFileReference; fileEncoding = 4; lastKnownFileType = sourcecode.swift; path = XMMenuViewController.swift; sourceTree = "<group>"; };
		F1B82E5F1BFB05E3001CA4A6 /* XMHomeCenterFlowLayout.swift */ = {isa = PBXFileReference; fileEncoding = 4; lastKnownFileType = sourcecode.swift; path = XMHomeCenterFlowLayout.swift; sourceTree = "<group>"; };
		F1B82E621BFB2265001CA4A6 /* XMHomeViewModel.swift */ = {isa = PBXFileReference; fileEncoding = 4; lastKnownFileType = sourcecode.swift; path = XMHomeViewModel.swift; sourceTree = "<group>"; };
		F1B82E641BFB2334001CA4A6 /* XMHomeBottomFlowLayout.swift */ = {isa = PBXFileReference; fileEncoding = 4; lastKnownFileType = sourcecode.swift; path = XMHomeBottomFlowLayout.swift; sourceTree = "<group>"; };
		F1BA9A6C1C0021D90022CCDC /* XMBaseNavController.swift */ = {isa = PBXFileReference; fileEncoding = 4; lastKnownFileType = sourcecode.swift; path = XMBaseNavController.swift; sourceTree = "<group>"; };
		F1F196351C05AB5A00FA4DA1 /* XMFindAppViewModel.swift */ = {isa = PBXFileReference; fileEncoding = 4; lastKnownFileType = sourcecode.swift; path = XMFindAppViewModel.swift; sourceTree = "<group>"; };
		F1F222471BFDD43800E926AF /* XMClassifyViewController.swift */ = {isa = PBXFileReference; fileEncoding = 4; lastKnownFileType = sourcecode.swift; path = XMClassifyViewController.swift; sourceTree = "<group>"; };
		F1F2224B1BFDD43800E926AF /* XMClassifyCenterView.swift */ = {isa = PBXFileReference; fileEncoding = 4; lastKnownFileType = sourcecode.swift; path = XMClassifyCenterView.swift; sourceTree = "<group>"; };
		F1F2224C1BFDD43800E926AF /* XMClassifyCenterView.xib */ = {isa = PBXFileReference; fileEncoding = 4; lastKnownFileType = file.xib; path = XMClassifyCenterView.xib; sourceTree = "<group>"; };
		F1F222571BFE192400E926AF /* XMHomeDetailController.swift */ = {isa = PBXFileReference; fileEncoding = 4; lastKnownFileType = sourcecode.swift; path = XMHomeDetailController.swift; sourceTree = "<group>"; };
		F1F222591BFE19BF00E926AF /* XMHomeDetailCenterView.swift */ = {isa = PBXFileReference; fileEncoding = 4; lastKnownFileType = sourcecode.swift; path = XMHomeDetailCenterView.swift; sourceTree = "<group>"; };
		F1F2225B1BFE1DE900E926AF /* XMHomeDetailCenterView.xib */ = {isa = PBXFileReference; fileEncoding = 4; lastKnownFileType = file.xib; path = XMHomeDetailCenterView.xib; sourceTree = "<group>"; };
		F1F2225D1BFEB7E600E926AF /* XMHomeBottomCollectView.swift */ = {isa = PBXFileReference; fileEncoding = 4; lastKnownFileType = sourcecode.swift; path = XMHomeBottomCollectView.swift; sourceTree = "<group>"; };
/* End PBXFileReference section */

/* Begin PBXFrameworksBuildPhase section */
		F171CCB01BEBB15300F61307 /* Frameworks */ = {
			isa = PBXFrameworksBuildPhase;
			buildActionMask = 2147483647;
			files = (
				AE2F73CF179982622B65BD91 /* libPods.a in Frameworks */,
			);
			runOnlyForDeploymentPostprocessing = 0;
		};
/* End PBXFrameworksBuildPhase section */

/* Begin PBXGroup section */
		0B8B744CE71F24C87CDD6070 /* Frameworks */ = {
			isa = PBXGroup;
			children = (
				690B0909983859654CA3B2A9 /* libPods.a */,
			);
			name = Frameworks;
			sourceTree = "<group>";
		};
		C7FBEDEE3E0026FEBAB9A9DC /* Pods */ = {
			isa = PBXGroup;
			children = (
				9EF9E78C067AFDD1AB3F8B29 /* Pods.debug.xcconfig */,
				6D90D19CB9B1DAC200609A8C /* Pods.release.xcconfig */,
			);
			name = Pods;
			sourceTree = "<group>";
		};
		F118A01F1BFC6FA7002A0C2A /* Lib */ = {
			isa = PBXGroup;
			children = (
				F118A0201BFC7483002A0C2A /* XMRefresh */,
			);
			path = Lib;
			sourceTree = "<group>";
		};
		F118A0201BFC7483002A0C2A /* XMRefresh */ = {
			isa = PBXGroup;
			children = (
				F118A0301BFC782A002A0C2A /* UIScrollView+XM.swift */,
				F118A0311BFC782A002A0C2A /* XMRefreshBase.swift */,
				F118A0321BFC782A002A0C2A /* XMRefreshConst.swift */,
				F118A0331BFC782A002A0C2A /* XMRefreshFooterView.swift */,
				F118A0341BFC782A002A0C2A /* XMRefreshHeaderView.swift */,
			);
			path = XMRefresh;
			sourceTree = "<group>";
		};
		F171CCAA1BEBB15300F61307 = {
			isa = PBXGroup;
			children = (
				F171CCB51BEBB15300F61307 /* BeautifulApp */,
				F171CCB41BEBB15300F61307 /* Products */,
				C7FBEDEE3E0026FEBAB9A9DC /* Pods */,
				0B8B744CE71F24C87CDD6070 /* Frameworks */,
			);
			sourceTree = "<group>";
		};
		F171CCB41BEBB15300F61307 /* Products */ = {
			isa = PBXGroup;
			children = (
				F171CCB31BEBB15300F61307 /* BeautifulApp.app */,
			);
			name = Products;
			sourceTree = "<group>";
		};
		F171CCB51BEBB15300F61307 /* BeautifulApp */ = {
			isa = PBXGroup;
			children = (
				F1A6F2E61BEF934200786700 /* Class */,
				F171CCB61BEBB15300F61307 /* AppDelegate.swift */,
				F171CCBD1BEBB15300F61307 /* Assets.xcassets */,
				F171CCC21BEBB15300F61307 /* Info.plist */,
				F17CFC371BF0DB67000D2A87 /* beautifulApp-Bridging-Header.h */,
			);
			path = BeautifulApp;
			sourceTree = "<group>";
		};
		F17CFC2E1BF0D538000D2A87 /* Utils */ = {
			isa = PBXGroup;
			children = (
				F17CFC2F1BF0D54D000D2A87 /* XMNetworkTool.swift */,
			);
			path = Utils;
			sourceTree = "<group>";
		};
		F17CFC311BF0D781000D2A87 /* Base */ = {
			isa = PBXGroup;
			children = (
				F17CFC321BF0D793000D2A87 /* Controller */,
			);
			path = Base;
			sourceTree = "<group>";
		};
		F17CFC321BF0D793000D2A87 /* Controller */ = {
			isa = PBXGroup;
			children = (
				F1B82DA51BF9CCBC001CA4A6 /* XMMenuViewController.swift */,
				F17CFC331BF0D7A6000D2A87 /* XMBaseViewController.swift */,
				F1BA9A6C1C0021D90022CCDC /* XMBaseNavController.swift */,
			);
			path = Controller;
			sourceTree = "<group>";
		};
		F1975B581C045BCD001A983D /* FindApp */ = {
			isa = PBXGroup;
			children = (
				F1F196341C05AB3A00FA4DA1 /* ViewModel */,
				F1975B591C045BEE001A983D /* Controller */,
				F1975B5A1C045BEE001A983D /* Model */,
				F1975B5B1C045BEE001A983D /* View */,
			);
			path = FindApp;
			sourceTree = "<group>";
		};
		F1975B591C045BEE001A983D /* Controller */ = {
			isa = PBXGroup;
			children = (
				F1975B5C1C045C3E001A983D /* XMFindAppController.swift */,
			);
			path = Controller;
			sourceTree = "<group>";
		};
		F1975B5A1C045BEE001A983D /* Model */ = {
			isa = PBXGroup;
			children = (
				F11267631C055B3100B04AE7 /* XMFindAppModel.swift */,
				F11267681C055D1500B04AE7 /* XMFindAppDownloadModel.swift */,
				F112676A1C055ED400B04AE7 /* XMFindAppCommentModel.swift */,
			);
			path = Model;
			sourceTree = "<group>";
		};
		F1975B5B1C045BEE001A983D /* View */ = {
			isa = PBXGroup;
			children = (
				F1975B601C045D60001A983D /* XMFindAppHeaderView.xib */,
				F1975B5E1C045D53001A983D /* XMFindAppHeaderView.swift */,
				F1414E8B1C049BB700880C1F /* XMFindAppCell.xib */,
				F1414E891C049BAA00880C1F /* XMFindAppCell.swift */,
			);
			path = View;
			sourceTree = "<group>";
		};
		F1A6F2E61BEF934200786700 /* Class */ = {
			isa = PBXGroup;
			children = (
				F1F222531BFE187100E926AF /* Detail */,
				F1F222451BFDD43800E926AF /* Classify */,
				F17CFC311BF0D781000D2A87 /* Base */,
				F1A6F2F11BEFA2A900786700 /* Other */,
				F1A6F2E71BEF934200786700 /* Home */,
				F1975B581C045BCD001A983D /* FindApp */,
			);
			path = Class;
			sourceTree = "<group>";
		};
		F1A6F2E71BEF934200786700 /* Home */ = {
			isa = PBXGroup;
			children = (
				F1B82E611BFB2209001CA4A6 /* ViewModel */,
				F1A6F2E81BEF935E00786700 /* Controller */,
				F1A6F2E91BEF935E00786700 /* Model */,
				F1A6F2EA1BEF935E00786700 /* View */,
			);
			path = Home;
			sourceTree = "<group>";
		};
		F1A6F2E81BEF935E00786700 /* Controller */ = {
			isa = PBXGroup;
			children = (
				F1A6F2EB1BEF937100786700 /* XMHomeViewController.swift */,
			);
			path = Controller;
			sourceTree = "<group>";
		};
		F1A6F2E91BEF935E00786700 /* Model */ = {
			isa = PBXGroup;
			children = (
				F19EF0451BF0926F00916297 /* XMHomeDataModel.swift */,
				F19EF0471BF0959C00916297 /* XMUpUserDataModel.swift */,
				F19EF0491BF097B900916297 /* XMInfoDataModel.swift */,
				F19EF0671BF0A75700916297 /* XMCommentsDataModel.swift */,
			);
			path = Model;
			sourceTree = "<group>";
		};
		F1A6F2EA1BEF935E00786700 /* View */ = {
			isa = PBXGroup;
			children = (
				F19EF0411BF0875C00916297 /* XMHomeHeaderView.xib */,
				F19EF03F1BF0874800916297 /* XMHomeHeaderView.swift */,
				F1A6F2EF1BEF98D000786700 /* XMHomeCenterItemView.xib */,
				F1A6F2ED1BEF98B100786700 /* XMHomeCenterItemView.swift */,
				F1B82E5F1BFB05E3001CA4A6 /* XMHomeCenterFlowLayout.swift */,
				F121587F1BF39CA2005E5956 /* XMHomeBottomItemView.xib */,
				F121587D1BF39C16005E5956 /* XMHomeBottomItemView.swift */,
				F1B82E641BFB2334001CA4A6 /* XMHomeBottomFlowLayout.swift */,
				F1F2225D1BFEB7E600E926AF /* XMHomeBottomCollectView.swift */,
			);
			path = View;
			sourceTree = "<group>";
		};
		F1A6F2F11BEFA2A900786700 /* Other */ = {
			isa = PBXGroup;
			children = (
				F118A01F1BFC6FA7002A0C2A /* Lib */,
				F17CFC2E1BF0D538000D2A87 /* Utils */,
				F1A6F2FB1BEFA2DE00786700 /* extension */,
				F19EF0431BF08C0000916297 /* AppConfig.swift */,
				F17CFC381BF0DD29000D2A87 /* APIConfig.swift */,
			);
			path = Other;
			sourceTree = "<group>";
		};
		F1A6F2FB1BEFA2DE00786700 /* extension */ = {
			isa = PBXGroup;
			children = (
				F1A6F2FE1BEFA2DE00786700 /* XMImageView.swift */,
				F1A6F2FF1BEFA2DE00786700 /* XMView.swift */,
				F17CFC351BF0D7F0000D2A87 /* UIViewController+XM.swift */,
				F1A6F2FC1BEFA2DE00786700 /* UIBarButtonItem+XM.swift */,
				F1A6F2FD1BEFA2DE00786700 /* UIView+XM.swift */,
				F1A6F3041BEFA86C00786700 /* UILabel+XM.swift */,
				F12158461BF1C434005E5956 /* UIColor+XM.swift */,
				F12158481BF1C55D005E5956 /* String+XM.swift */,
				F12158741BF32072005E5956 /* NSDate+XM.swift */,
			);
			path = extension;
			sourceTree = "<group>";
		};
		F1B82E611BFB2209001CA4A6 /* ViewModel */ = {
			isa = PBXGroup;
			children = (
				F1B82E621BFB2265001CA4A6 /* XMHomeViewModel.swift */,
			);
			path = ViewModel;
			sourceTree = "<group>";
		};
		F1F196341C05AB3A00FA4DA1 /* ViewModel */ = {
			isa = PBXGroup;
			children = (
				F1F196351C05AB5A00FA4DA1 /* XMFindAppViewModel.swift */,
			);
			path = ViewModel;
			sourceTree = "<group>";
		};
		F1F222451BFDD43800E926AF /* Classify */ = {
			isa = PBXGroup;
			children = (
				F1F222461BFDD43800E926AF /* Controller */,
				F1F222481BFDD43800E926AF /* Model */,
				F1F222491BFDD43800E926AF /* View */,
			);
			path = Classify;
			sourceTree = "<group>";
		};
		F1F222461BFDD43800E926AF /* Controller */ = {
			isa = PBXGroup;
			children = (
				F1F222471BFDD43800E926AF /* XMClassifyViewController.swift */,
			);
			path = Controller;
			sourceTree = "<group>";
		};
		F1F222481BFDD43800E926AF /* Model */ = {
			isa = PBXGroup;
			children = (
			);
			path = Model;
			sourceTree = "<group>";
		};
		F1F222491BFDD43800E926AF /* View */ = {
			isa = PBXGroup;
			children = (
				F1F2224B1BFDD43800E926AF /* XMClassifyCenterView.swift */,
				F1F2224C1BFDD43800E926AF /* XMClassifyCenterView.xib */,
			);
			path = View;
			sourceTree = "<group>";
		};
		F1F222531BFE187100E926AF /* Detail */ = {
			isa = PBXGroup;
			children = (
				F1F222541BFE187100E926AF /* Controller */,
				F1F222551BFE187100E926AF /* Model */,
				F1F222561BFE187100E926AF /* View */,
			);
			path = Detail;
			sourceTree = "<group>";
		};
		F1F222541BFE187100E926AF /* Controller */ = {
			isa = PBXGroup;
			children = (
				F1F222571BFE192400E926AF /* XMHomeDetailController.swift */,
			);
			path = Controller;
			sourceTree = "<group>";
		};
		F1F222551BFE187100E926AF /* Model */ = {
			isa = PBXGroup;
			children = (
			);
			path = Model;
			sourceTree = "<group>";
		};
		F1F222561BFE187100E926AF /* View */ = {
			isa = PBXGroup;
			children = (
				F1F222591BFE19BF00E926AF /* XMHomeDetailCenterView.swift */,
				F1F2225B1BFE1DE900E926AF /* XMHomeDetailCenterView.xib */,
			);
			path = View;
			sourceTree = "<group>";
		};
/* End PBXGroup section */

/* Begin PBXNativeTarget section */
		F171CCB21BEBB15300F61307 /* BeautifulApp */ = {
			isa = PBXNativeTarget;
			buildConfigurationList = F171CCC51BEBB15300F61307 /* Build configuration list for PBXNativeTarget "BeautifulApp" */;
			buildPhases = (
				D1517A5415CA629EC5C083F0 /* Check Pods Manifest.lock */,
				F171CCAF1BEBB15300F61307 /* Sources */,
				F171CCB01BEBB15300F61307 /* Frameworks */,
				F171CCB11BEBB15300F61307 /* Resources */,
				5B030202276F72F6664DE21E /* Copy Pods Resources */,
			);
			buildRules = (
			);
			dependencies = (
			);
			name = BeautifulApp;
			productName = BeautifulApp;
			productReference = F171CCB31BEBB15300F61307 /* BeautifulApp.app */;
			productType = "com.apple.product-type.application";
		};
/* End PBXNativeTarget section */

/* Begin PBXProject section */
		F171CCAB1BEBB15300F61307 /* Project object */ = {
			isa = PBXProject;
			attributes = {
				LastSwiftUpdateCheck = 0710;
				LastUpgradeCheck = 0710;
				ORGANIZATIONNAME = xiaoming;
				TargetAttributes = {
					F171CCB21BEBB15300F61307 = {
						CreatedOnToolsVersion = 7.1;
					};
				};
			};
			buildConfigurationList = F171CCAE1BEBB15300F61307 /* Build configuration list for PBXProject "BeautifulApp" */;
			compatibilityVersion = "Xcode 3.2";
			developmentRegion = English;
			hasScannedForEncodings = 0;
			knownRegions = (
				en,
				Base,
			);
			mainGroup = F171CCAA1BEBB15300F61307;
			productRefGroup = F171CCB41BEBB15300F61307 /* Products */;
			projectDirPath = "";
			projectRoot = "";
			targets = (
				F171CCB21BEBB15300F61307 /* BeautifulApp */,
			);
		};
/* End PBXProject section */

/* Begin PBXResourcesBuildPhase section */
		F171CCB11BEBB15300F61307 /* Resources */ = {
			isa = PBXResourcesBuildPhase;
			buildActionMask = 2147483647;
			files = (
				F1F2225C1BFE1DE900E926AF /* XMHomeDetailCenterView.xib in Resources */,
				F1414E8C1C049BB700880C1F /* XMFindAppCell.xib in Resources */,
				F1A6F2F01BEF98D000786700 /* XMHomeCenterItemView.xib in Resources */,
				F171CCBE1BEBB15300F61307 /* Assets.xcassets in Resources */,
				F1F222511BFDD43800E926AF /* XMClassifyCenterView.xib in Resources */,
				F19EF0421BF0875C00916297 /* XMHomeHeaderView.xib in Resources */,
				F12158801BF39CA2005E5956 /* XMHomeBottomItemView.xib in Resources */,
				F1975B611C045D60001A983D /* XMFindAppHeaderView.xib in Resources */,
			);
			runOnlyForDeploymentPostprocessing = 0;
		};
/* End PBXResourcesBuildPhase section */

/* Begin PBXShellScriptBuildPhase section */
		5B030202276F72F6664DE21E /* Copy Pods Resources */ = {
			isa = PBXShellScriptBuildPhase;
			buildActionMask = 2147483647;
			files = (
			);
			inputPaths = (
			);
			name = "Copy Pods Resources";
			outputPaths = (
			);
			runOnlyForDeploymentPostprocessing = 0;
			shellPath = /bin/sh;
			shellScript = "\"${SRCROOT}/Pods/Target Support Files/Pods/Pods-resources.sh\"\n";
			showEnvVarsInLog = 0;
		};
		D1517A5415CA629EC5C083F0 /* Check Pods Manifest.lock */ = {
			isa = PBXShellScriptBuildPhase;
			buildActionMask = 2147483647;
			files = (
			);
			inputPaths = (
			);
			name = "Check Pods Manifest.lock";
			outputPaths = (
			);
			runOnlyForDeploymentPostprocessing = 0;
			shellPath = /bin/sh;
			shellScript = "diff \"${PODS_ROOT}/../Podfile.lock\" \"${PODS_ROOT}/Manifest.lock\" > /dev/null\nif [[ $? != 0 ]] ; then\n    cat << EOM\nerror: The sandbox is not in sync with the Podfile.lock. Run 'pod install' or update your CocoaPods installation.\nEOM\n    exit 1\nfi\n";
			showEnvVarsInLog = 0;
		};
/* End PBXShellScriptBuildPhase section */

/* Begin PBXSourcesBuildPhase section */
		F171CCAF1BEBB15300F61307 /* Sources */ = {
			isa = PBXSourcesBuildPhase;
			buildActionMask = 2147483647;
			files = (
				F1F2225A1BFE19BF00E926AF /* XMHomeDetailCenterView.swift in Sources */,
				F1A6F3031BEFA2DE00786700 /* XMView.swift in Sources */,
				F118A0361BFC782A002A0C2A /* UIScrollView+XM.swift in Sources */,
				F118A03A1BFC782A002A0C2A /* XMRefreshHeaderView.swift in Sources */,
				F19EF0441BF08C0000916297 /* AppConfig.swift in Sources */,
				F17CFC301BF0D54D000D2A87 /* XMNetworkTool.swift in Sources */,
				F17CFC361BF0D7F0000D2A87 /* UIViewController+XM.swift in Sources */,
				F19EF0481BF0959C00916297 /* XMUpUserDataModel.swift in Sources */,
				F121587E1BF39C16005E5956 /* XMHomeBottomItemView.swift in Sources */,
				F12158471BF1C434005E5956 /* UIColor+XM.swift in Sources */,
				F118A0381BFC782A002A0C2A /* XMRefreshConst.swift in Sources */,
				F11267691C055D1500B04AE7 /* XMFindAppDownloadModel.swift in Sources */,
				F112676B1C055ED400B04AE7 /* XMFindAppCommentModel.swift in Sources */,
				F1975B5D1C045C3E001A983D /* XMFindAppController.swift in Sources */,
				F17CFC341BF0D7A6000D2A87 /* XMBaseViewController.swift in Sources */,
				F1A6F3051BEFA86C00786700 /* UILabel+XM.swift in Sources */,
				F118A0371BFC782A002A0C2A /* XMRefreshBase.swift in Sources */,
				F1414E8A1C049BAA00880C1F /* XMFindAppCell.swift in Sources */,
				F1A6F2EC1BEF937100786700 /* XMHomeViewController.swift in Sources */,
				F1F196361C05AB5A00FA4DA1 /* XMFindAppViewModel.swift in Sources */,
				F1F222581BFE192400E926AF /* XMHomeDetailController.swift in Sources */,
				F1F2225E1BFEB7E600E926AF /* XMHomeBottomCollectView.swift in Sources */,
				F1A6F3021BEFA2DE00786700 /* XMImageView.swift in Sources */,
				F12158751BF32072005E5956 /* NSDate+XM.swift in Sources */,
				F19EF0681BF0A75700916297 /* XMCommentsDataModel.swift in Sources */,
				F19EF04A1BF097B900916297 /* XMInfoDataModel.swift in Sources */,
				F118A0391BFC782A002A0C2A /* XMRefreshFooterView.swift in Sources */,
				F1BA9A6D1C0021D90022CCDC /* XMBaseNavController.swift in Sources */,
				F1B82E631BFB2265001CA4A6 /* XMHomeViewModel.swift in Sources */,
				F1B82E651BFB2334001CA4A6 /* XMHomeBottomFlowLayout.swift in Sources */,
				F1F222501BFDD43800E926AF /* XMClassifyCenterView.swift in Sources */,
				F1A6F3001BEFA2DE00786700 /* UIBarButtonItem+XM.swift in Sources */,
				F1A6F2EE1BEF98B100786700 /* XMHomeCenterItemView.swift in Sources */,
				F171CCB71BEBB15300F61307 /* AppDelegate.swift in Sources */,
				F17CFC391BF0DD29000D2A87 /* APIConfig.swift in Sources */,
				F1A6F3011BEFA2DE00786700 /* UIView+XM.swift in Sources */,
				F12158491BF1C55D005E5956 /* String+XM.swift in Sources */,
				F1F2224E1BFDD43800E926AF /* XMClassifyViewController.swift in Sources */,
				F19EF0401BF0874800916297 /* XMHomeHeaderView.swift in Sources */,
				F19EF0461BF0926F00916297 /* XMHomeDataModel.swift in Sources */,
				F1B82DA61BF9CCBC001CA4A6 /* XMMenuViewController.swift in Sources */,
				F11267641C055B3100B04AE7 /* XMFindAppModel.swift in Sources */,
				F1B82E601BFB05E3001CA4A6 /* XMHomeCenterFlowLayout.swift in Sources */,
				F1975B5F1C045D53001A983D /* XMFindAppHeaderView.swift in Sources */,
			);
			runOnlyForDeploymentPostprocessing = 0;
		};
/* End PBXSourcesBuildPhase section */

/* Begin XCBuildConfiguration section */
		F171CCC31BEBB15300F61307 /* Debug */ = {
			isa = XCBuildConfiguration;
			buildSettings = {
				ALWAYS_SEARCH_USER_PATHS = NO;
				CLANG_CXX_LANGUAGE_STANDARD = "gnu++0x";
				CLANG_CXX_LIBRARY = "libc++";
				CLANG_ENABLE_MODULES = YES;
				CLANG_ENABLE_OBJC_ARC = YES;
				CLANG_WARN_BOOL_CONVERSION = YES;
				CLANG_WARN_CONSTANT_CONVERSION = YES;
				CLANG_WARN_DIRECT_OBJC_ISA_USAGE = YES_ERROR;
				CLANG_WARN_EMPTY_BODY = YES;
				CLANG_WARN_ENUM_CONVERSION = YES;
				CLANG_WARN_INT_CONVERSION = YES;
				CLANG_WARN_OBJC_ROOT_CLASS = YES_ERROR;
				CLANG_WARN_UNREACHABLE_CODE = YES;
				CLANG_WARN__DUPLICATE_METHOD_MATCH = YES;
				"CODE_SIGN_IDENTITY[sdk=iphoneos*]" = "iPhone Developer";
				COPY_PHASE_STRIP = NO;
				DEBUG_INFORMATION_FORMAT = dwarf;
				ENABLE_STRICT_OBJC_MSGSEND = YES;
				ENABLE_TESTABILITY = YES;
				GCC_C_LANGUAGE_STANDARD = gnu99;
				GCC_DYNAMIC_NO_PIC = NO;
				GCC_NO_COMMON_BLOCKS = YES;
				GCC_OPTIMIZATION_LEVEL = 0;
				GCC_PREPROCESSOR_DEFINITIONS = (
					"DEBUG=1",
					"$(inherited)",
				);
				GCC_WARN_64_TO_32_BIT_CONVERSION = YES;
				GCC_WARN_ABOUT_RETURN_TYPE = YES_ERROR;
				GCC_WARN_UNDECLARED_SELECTOR = YES;
				GCC_WARN_UNINITIALIZED_AUTOS = YES_AGGRESSIVE;
				GCC_WARN_UNUSED_FUNCTION = YES;
				GCC_WARN_UNUSED_VARIABLE = YES;
				IPHONEOS_DEPLOYMENT_TARGET = 9.1;
				MTL_ENABLE_DEBUG_INFO = YES;
				ONLY_ACTIVE_ARCH = YES;
				SDKROOT = iphoneos;
				SWIFT_OPTIMIZATION_LEVEL = "-Onone";
				TARGETED_DEVICE_FAMILY = "1,2";
			};
			name = Debug;
		};
		F171CCC41BEBB15300F61307 /* Release */ = {
			isa = XCBuildConfiguration;
			buildSettings = {
				ALWAYS_SEARCH_USER_PATHS = NO;
				CLANG_CXX_LANGUAGE_STANDARD = "gnu++0x";
				CLANG_CXX_LIBRARY = "libc++";
				CLANG_ENABLE_MODULES = YES;
				CLANG_ENABLE_OBJC_ARC = YES;
				CLANG_WARN_BOOL_CONVERSION = YES;
				CLANG_WARN_CONSTANT_CONVERSION = YES;
				CLANG_WARN_DIRECT_OBJC_ISA_USAGE = YES_ERROR;
				CLANG_WARN_EMPTY_BODY = YES;
				CLANG_WARN_ENUM_CONVERSION = YES;
				CLANG_WARN_INT_CONVERSION = YES;
				CLANG_WARN_OBJC_ROOT_CLASS = YES_ERROR;
				CLANG_WARN_UNREACHABLE_CODE = YES;
				CLANG_WARN__DUPLICATE_METHOD_MATCH = YES;
				"CODE_SIGN_IDENTITY[sdk=iphoneos*]" = "iPhone Developer";
				COPY_PHASE_STRIP = NO;
				DEBUG_INFORMATION_FORMAT = "dwarf-with-dsym";
				ENABLE_NS_ASSERTIONS = NO;
				ENABLE_STRICT_OBJC_MSGSEND = YES;
				GCC_C_LANGUAGE_STANDARD = gnu99;
				GCC_NO_COMMON_BLOCKS = YES;
				GCC_WARN_64_TO_32_BIT_CONVERSION = YES;
				GCC_WARN_ABOUT_RETURN_TYPE = YES_ERROR;
				GCC_WARN_UNDECLARED_SELECTOR = YES;
				GCC_WARN_UNINITIALIZED_AUTOS = YES_AGGRESSIVE;
				GCC_WARN_UNUSED_FUNCTION = YES;
				GCC_WARN_UNUSED_VARIABLE = YES;
				IPHONEOS_DEPLOYMENT_TARGET = 9.1;
				MTL_ENABLE_DEBUG_INFO = NO;
				SDKROOT = iphoneos;
				TARGETED_DEVICE_FAMILY = "1,2";
				VALIDATE_PRODUCT = YES;
			};
			name = Release;
		};
		F171CCC61BEBB15300F61307 /* Debug */ = {
			isa = XCBuildConfiguration;
			baseConfigurationReference = 9EF9E78C067AFDD1AB3F8B29 /* Pods.debug.xcconfig */;
			buildSettings = {
				ASSETCATALOG_COMPILER_APPICON_NAME = AppIcon;
				ASSETCATALOG_COMPILER_LAUNCHIMAGE_NAME = LaunchImage;
				INFOPLIST_FILE = BeautifulApp/Info.plist;
				IPHONEOS_DEPLOYMENT_TARGET = 9.0;
				LD_RUNPATH_SEARCH_PATHS = "$(inherited) @executable_path/Frameworks";
				PRODUCT_BUNDLE_IDENTIFIER = xiaoming.com.BeautifulApp;
				PRODUCT_NAME = "$(TARGET_NAME)";
				SWIFT_OBJC_BRIDGING_HEADER = "BeautifulApp/beautifulApp-Bridging-Header.h";
			};
			name = Debug;
		};
		F171CCC71BEBB15300F61307 /* Release */ = {
			isa = XCBuildConfiguration;
			baseConfigurationReference = 6D90D19CB9B1DAC200609A8C /* Pods.release.xcconfig */;
			buildSettings = {
				ASSETCATALOG_COMPILER_APPICON_NAME = AppIcon;
				ASSETCATALOG_COMPILER_LAUNCHIMAGE_NAME = LaunchImage;
				INFOPLIST_FILE = BeautifulApp/Info.plist;
				IPHONEOS_DEPLOYMENT_TARGET = 9.0;
				LD_RUNPATH_SEARCH_PATHS = "$(inherited) @executable_path/Frameworks";
				PRODUCT_BUNDLE_IDENTIFIER = xiaoming.com.BeautifulApp;
				PRODUCT_NAME = "$(TARGET_NAME)";
				SWIFT_OBJC_BRIDGING_HEADER = "BeautifulApp/beautifulApp-Bridging-Header.h";
			};
			name = Release;
		};
/* End XCBuildConfiguration section */

/* Begin XCConfigurationList section */
		F171CCAE1BEBB15300F61307 /* Build configuration list for PBXProject "BeautifulApp" */ = {
			isa = XCConfigurationList;
			buildConfigurations = (
				F171CCC31BEBB15300F61307 /* Debug */,
				F171CCC41BEBB15300F61307 /* Release */,
			);
			defaultConfigurationIsVisible = 0;
			defaultConfigurationName = Release;
		};
		F171CCC51BEBB15300F61307 /* Build configuration list for PBXNativeTarget "BeautifulApp" */ = {
			isa = XCConfigurationList;
			buildConfigurations = (
				F171CCC61BEBB15300F61307 /* Debug */,
				F171CCC71BEBB15300F61307 /* Release */,
			);
			defaultConfigurationIsVisible = 0;
			defaultConfigurationName = Release;
		};
/* End XCConfigurationList section */
	};
	rootObject = F171CCAB1BEBB15300F61307 /* Project object */;
}
