// !$*UTF8*$!
{
	archiveVersion = 1;
	classes = {
	};
	objectVersion = 46;
	objects = {

/* Begin PBXBuildFile section */
		7C4F821A189203E48C0987A8 /* Pods_BeautifulApp.framework in Frameworks */ = {isa = PBXBuildFile; fileRef = 01F7A6909A4EBA0AA1A80965 /* Pods_BeautifulApp.framework */; };
		F14143631E20C83A0001B8B8 /* ShareView.swift in Sources */ = {isa = PBXBuildFile; fileRef = F14143621E20C83A0001B8B8 /* ShareView.swift */; };
		F14143651E20C92A0001B8B8 /* ShareResuable.swift in Sources */ = {isa = PBXBuildFile; fileRef = F14143641E20C92A0001B8B8 /* ShareResuable.swift */; };
		F14505D71C1A6C2500955F6E /* libicucore.tbd in Frameworks */ = {isa = PBXBuildFile; fileRef = F14505D61C1A6C2500955F6E /* libicucore.tbd */; };
		F14505D91C1A6C3900955F6E /* libstdc++.tbd in Frameworks */ = {isa = PBXBuildFile; fileRef = F14505D81C1A6C3900955F6E /* libstdc++.tbd */; };
		F14505DD1C1A6C5E00955F6E /* AdSupport.framework in Frameworks */ = {isa = PBXBuildFile; fileRef = F14505DC1C1A6C5E00955F6E /* AdSupport.framework */; };
		F1C87AB41C0E90DC00A08387 /* libxml2.tbd in Frameworks */ = {isa = PBXBuildFile; fileRef = F1C87AB31C0E90DC00A08387 /* libxml2.tbd */; };
		F1C87AB61C0E912A00A08387 /* CoreGraphics.framework in Frameworks */ = {isa = PBXBuildFile; fileRef = F1C87AB51C0E912A00A08387 /* CoreGraphics.framework */; };
		F1C87AB81C0E913100A08387 /* Foundation.framework in Frameworks */ = {isa = PBXBuildFile; fileRef = F1C87AB71C0E913100A08387 /* Foundation.framework */; };
		F1C87ABA1C0E914300A08387 /* UIKit.framework in Frameworks */ = {isa = PBXBuildFile; fileRef = F1C87AB91C0E914300A08387 /* UIKit.framework */; };
		F1DBE2F11C0FE326003F5E48 /* libsqlite3.tbd in Frameworks */ = {isa = PBXBuildFile; fileRef = F1DBE2F01C0FE326003F5E48 /* libsqlite3.tbd */; };
		F1DBE2F31C0FE343003F5E48 /* ImageIO.framework in Frameworks */ = {isa = PBXBuildFile; fileRef = F1DBE2F21C0FE343003F5E48 /* ImageIO.framework */; };
		F1DBE2F51C0FE353003F5E48 /* Accelerate.framework in Frameworks */ = {isa = PBXBuildFile; fileRef = F1DBE2F41C0FE353003F5E48 /* Accelerate.framework */; };
		F1DBE2F71C0FE366003F5E48 /* CoreFoundation.framework in Frameworks */ = {isa = PBXBuildFile; fileRef = F1DBE2F61C0FE366003F5E48 /* CoreFoundation.framework */; };
		F1DBE2F91C0FE36F003F5E48 /* QuartzCore.framework in Frameworks */ = {isa = PBXBuildFile; fileRef = F1DBE2F81C0FE36F003F5E48 /* QuartzCore.framework */; };
		F1DBE2FB1C0FE37E003F5E48 /* AssetsLibrary.framework in Frameworks */ = {isa = PBXBuildFile; fileRef = F1DBE2FA1C0FE37E003F5E48 /* AssetsLibrary.framework */; };
		F1DBE2FD1C0FE38C003F5E48 /* MobileCoreServices.framework in Frameworks */ = {isa = PBXBuildFile; fileRef = F1DBE2FC1C0FE38C003F5E48 /* MobileCoreServices.framework */; };
		F1DBE2FF1C0FE399003F5E48 /* libz.tbd in Frameworks */ = {isa = PBXBuildFile; fileRef = F1DBE2FE1C0FE399003F5E48 /* libz.tbd */; };
		F1F80A7E1E06A924005D2390 /* AppDelegate.swift in Sources */ = {isa = PBXBuildFile; fileRef = F1F80A261E06A924005D2390 /* AppDelegate.swift */; };
		F1F80A7F1E06A924005D2390 /* FindAppController.swift in Sources */ = {isa = PBXBuildFile; fileRef = F1F80A2A1E06A924005D2390 /* FindAppController.swift */; };
		F1F80A801E06A924005D2390 /* FindAppDetailController.swift in Sources */ = {isa = PBXBuildFile; fileRef = F1F80A2C1E06A924005D2390 /* FindAppDetailController.swift */; };
		F1F80A811E06A924005D2390 /* HomeDetailController.swift in Sources */ = {isa = PBXBuildFile; fileRef = F1F80A2F1E06A924005D2390 /* HomeDetailController.swift */; };
		F1F80A821E06A924005D2390 /* IFBaseNavController.swift in Sources */ = {isa = PBXBuildFile; fileRef = F1F80A301E06A924005D2390 /* IFBaseNavController.swift */; };
		F1F80A831E06A924005D2390 /* MainController.swift in Sources */ = {isa = PBXBuildFile; fileRef = F1F80A321E06A924005D2390 /* MainController.swift */; };
		F1F80A841E06A924005D2390 /* AboutViewController.swift in Sources */ = {isa = PBXBuildFile; fileRef = F1F80A351E06A924005D2390 /* AboutViewController.swift */; };
		F1F80A851E06A924005D2390 /* SettingViewController.swift in Sources */ = {isa = PBXBuildFile; fileRef = F1F80A361E06A924005D2390 /* SettingViewController.swift */; };
		F1F80A8C1E06A924005D2390 /* BaseModel.swift in Sources */ = {isa = PBXBuildFile; fileRef = F1F80A3F1E06A924005D2390 /* BaseModel.swift */; };
		F1F80A8D1E06A924005D2390 /* FindAppModel.swift in Sources */ = {isa = PBXBuildFile; fileRef = F1F80A401E06A924005D2390 /* FindAppModel.swift */; };
		F1F80A8E1E06A924005D2390 /* HomeModel.swift in Sources */ = {isa = PBXBuildFile; fileRef = F1F80A411E06A924005D2390 /* HomeModel.swift */; };
		F1F80A8F1E06A924005D2390 /* MenuTabModel.swift in Sources */ = {isa = PBXBuildFile; fileRef = F1F80A421E06A924005D2390 /* MenuTabModel.swift */; };
		F1F80A901E06A924005D2390 /* UIScrollView+XM.swift in Sources */ = {isa = PBXBuildFile; fileRef = F1F80A461E06A924005D2390 /* UIScrollView+XM.swift */; };
		F1F80A911E06A924005D2390 /* XMRefreshBase.swift in Sources */ = {isa = PBXBuildFile; fileRef = F1F80A471E06A924005D2390 /* XMRefreshBase.swift */; };
		F1F80A921E06A924005D2390 /* XMRefreshConst.swift in Sources */ = {isa = PBXBuildFile; fileRef = F1F80A481E06A924005D2390 /* XMRefreshConst.swift */; };
		F1F80A931E06A924005D2390 /* XMRefreshFooterView.swift in Sources */ = {isa = PBXBuildFile; fileRef = F1F80A491E06A924005D2390 /* XMRefreshFooterView.swift */; };
		F1F80A941E06A924005D2390 /* XMRefreshHeaderView.swift in Sources */ = {isa = PBXBuildFile; fileRef = F1F80A4A1E06A924005D2390 /* XMRefreshHeaderView.swift */; };
		F1F80A951E06A924005D2390 /* XMFindAppDetailAnimationUtil.swift in Sources */ = {isa = PBXBuildFile; fileRef = F1F80A4C1E06A924005D2390 /* XMFindAppDetailAnimationUtil.swift */; };
		F1F80A961E06A924005D2390 /* XMHomeAnimationPushUtil.swift in Sources */ = {isa = PBXBuildFile; fileRef = F1F80A4D1E06A924005D2390 /* XMHomeAnimationPushUtil.swift */; };
		F1F80A971E06A924005D2390 /* XMHomeDetailAnimationUtil.swift in Sources */ = {isa = PBXBuildFile; fileRef = F1F80A4E1E06A924005D2390 /* XMHomeDetailAnimationUtil.swift */; };
		F1F80A981E06A924005D2390 /* XMLParserUtil.swift in Sources */ = {isa = PBXBuildFile; fileRef = F1F80A4F1E06A924005D2390 /* XMLParserUtil.swift */; };
		F1F80A9C1E06A924005D2390 /* settingDataSource.plist in Resources */ = {isa = PBXBuildFile; fileRef = F1F80A541E06A924005D2390 /* settingDataSource.plist */; };
		F1F80A9D1E06A924005D2390 /* 最美API.rtfd in Resources */ = {isa = PBXBuildFile; fileRef = F1F80A551E06A924005D2390 /* 最美API.rtfd */; };
		F1F80A9E1E06A924005D2390 /* NiceSerices.swift in Sources */ = {isa = PBXBuildFile; fileRef = F1F80A571E06A924005D2390 /* NiceSerices.swift */; };
		F1F80AA31E06A924005D2390 /* CommentCell.swift in Sources */ = {isa = PBXBuildFile; fileRef = F1F80A5E1E06A924005D2390 /* CommentCell.swift */; };
		F1F80AA41E06A924005D2390 /* FindAppDetailCenterView.swift in Sources */ = {isa = PBXBuildFile; fileRef = F1F80A601E06A924005D2390 /* FindAppDetailCenterView.swift */; };
		F1F80AA51E06A924005D2390 /* FindAppDetailToolView.swift in Sources */ = {isa = PBXBuildFile; fileRef = F1F80A611E06A924005D2390 /* FindAppDetailToolView.swift */; };
		F1F80AA61E06A924005D2390 /* FindAppDetailToolView.xib in Resources */ = {isa = PBXBuildFile; fileRef = F1F80A621E06A924005D2390 /* FindAppDetailToolView.xib */; };
		F1F80AA71E06A924005D2390 /* FindAppCell.swift in Sources */ = {isa = PBXBuildFile; fileRef = F1F80A641E06A924005D2390 /* FindAppCell.swift */; };
		F1F80AA81E06A924005D2390 /* FindAppCell.xib in Resources */ = {isa = PBXBuildFile; fileRef = F1F80A651E06A924005D2390 /* FindAppCell.xib */; };
		F1F80AA91E06A924005D2390 /* FindAppHeaderView.swift in Sources */ = {isa = PBXBuildFile; fileRef = F1F80A661E06A924005D2390 /* FindAppHeaderView.swift */; };
		F1F80AAA1E06A924005D2390 /* HomeDetailCenterView.swift in Sources */ = {isa = PBXBuildFile; fileRef = F1F80A681E06A924005D2390 /* HomeDetailCenterView.swift */; };
		F1F80AAB1E06A924005D2390 /* XMHomeDetailBottomView.swift in Sources */ = {isa = PBXBuildFile; fileRef = F1F80A691E06A924005D2390 /* XMHomeDetailBottomView.swift */; };
		F1F80AAC1E06A924005D2390 /* XMHomeDetailCommentView.xib in Resources */ = {isa = PBXBuildFile; fileRef = F1F80A6A1E06A924005D2390 /* XMHomeDetailCommentView.xib */; };
		F1F80AAD1E06A924005D2390 /* XMHomeDetailShareView.swift in Sources */ = {isa = PBXBuildFile; fileRef = F1F80A6B1E06A924005D2390 /* XMHomeDetailShareView.swift */; };
		F1F80AAE1E06A924005D2390 /* XMHomeDetailShareView.xib in Resources */ = {isa = PBXBuildFile; fileRef = F1F80A6C1E06A924005D2390 /* XMHomeDetailShareView.xib */; };
		F1F80AAF1E06A924005D2390 /* XMHomeDetailStateView.xib in Resources */ = {isa = PBXBuildFile; fileRef = F1F80A6D1E06A924005D2390 /* XMHomeDetailStateView.xib */; };
		F1F80AB01E06A924005D2390 /* XMHomeDetailToolView.swift in Sources */ = {isa = PBXBuildFile; fileRef = F1F80A6E1E06A924005D2390 /* XMHomeDetailToolView.swift */; };
		F1F80AB11E06A924005D2390 /* XMHomeDetailToolView.xib in Resources */ = {isa = PBXBuildFile; fileRef = F1F80A6F1E06A924005D2390 /* XMHomeDetailToolView.xib */; };
		F1F80AB41E06A924005D2390 /* MenuFooterView.swift in Sources */ = {isa = PBXBuildFile; fileRef = F1F80A741E06A924005D2390 /* MenuFooterView.swift */; };
		F1F80AB51E06A924005D2390 /* MenuHeaderView.swift in Sources */ = {isa = PBXBuildFile; fileRef = F1F80A751E06A924005D2390 /* MenuHeaderView.swift */; };
		F1F80AB61E06A924005D2390 /* MenuTableViewCell.swift in Sources */ = {isa = PBXBuildFile; fileRef = F1F80A761E06A924005D2390 /* MenuTableViewCell.swift */; };
		F1F80AB71E06A924005D2390 /* AboutCenterView.swift in Sources */ = {isa = PBXBuildFile; fileRef = F1F80A781E06A924005D2390 /* AboutCenterView.swift */; };
		F1F80AB81E06A924005D2390 /* AboutCenterView.xib in Resources */ = {isa = PBXBuildFile; fileRef = F1F80A791E06A924005D2390 /* AboutCenterView.xib */; };
		F1F80AB91E06A924005D2390 /* SettingHeaderView.swift in Sources */ = {isa = PBXBuildFile; fileRef = F1F80A7A1E06A924005D2390 /* SettingHeaderView.swift */; };
		F1F80ABA1E06A924005D2390 /* SettingHeaderView.xib in Resources */ = {isa = PBXBuildFile; fileRef = F1F80A7B1E06A924005D2390 /* SettingHeaderView.xib */; };
		F1F80ABB1E06A924005D2390 /* SettingViewCell.swift in Sources */ = {isa = PBXBuildFile; fileRef = F1F80A7C1E06A924005D2390 /* SettingViewCell.swift */; };
		F1F80ABC1E06A924005D2390 /* SettingViewCell.xib in Resources */ = {isa = PBXBuildFile; fileRef = F1F80A7D1E06A924005D2390 /* SettingViewCell.xib */; };
		F1F80ABF1E06A946005D2390 /* APIConstant.swift in Sources */ = {isa = PBXBuildFile; fileRef = F1F80ABD1E06A946005D2390 /* APIConstant.swift */; };
		F1F80AC01E06A946005D2390 /* UIConstant.swift in Sources */ = {isa = PBXBuildFile; fileRef = F1F80ABE1E06A946005D2390 /* UIConstant.swift */; };
		F1F80AC21E06AA26005D2390 /* Assets.xcassets in Resources */ = {isa = PBXBuildFile; fileRef = F1F80AC11E06AA26005D2390 /* Assets.xcassets */; };
		F1F80AC71E06AD2A005D2390 /* MenuController.swift in Sources */ = {isa = PBXBuildFile; fileRef = F1F80AC61E06AD2A005D2390 /* MenuController.swift */; };
		F1F80AC91E06AD33005D2390 /* HomeController.swift in Sources */ = {isa = PBXBuildFile; fileRef = F1F80AC81E06AD33005D2390 /* HomeController.swift */; };
		F1F80ACE1E06AD4F005D2390 /* HomeBottomCollectionView.swift in Sources */ = {isa = PBXBuildFile; fileRef = F1F80ACA1E06AD4F005D2390 /* HomeBottomCollectionView.swift */; };
		F1F80ACF1E06AD4F005D2390 /* HomeBottomItemCell.swift in Sources */ = {isa = PBXBuildFile; fileRef = F1F80ACB1E06AD4F005D2390 /* HomeBottomItemCell.swift */; };
		F1F80AD01E06AD4F005D2390 /* HomeCenterItemCell.swift in Sources */ = {isa = PBXBuildFile; fileRef = F1F80ACC1E06AD4F005D2390 /* HomeCenterItemCell.swift */; };
		F1F80AD11E06AD4F005D2390 /* HomeHeaderView.swift in Sources */ = {isa = PBXBuildFile; fileRef = F1F80ACD1E06AD4F005D2390 /* HomeHeaderView.swift */; };
		F1F80ADA1E06AD7E005D2390 /* ControllerReusable.swift in Sources */ = {isa = PBXBuildFile; fileRef = F1F80AD21E06AD7E005D2390 /* ControllerReusable.swift */; };
		F1F80ADB1E06AD7E005D2390 /* NSDate+Nice.swift in Sources */ = {isa = PBXBuildFile; fileRef = F1F80AD31E06AD7E005D2390 /* NSDate+Nice.swift */; };
		F1F80ADC1E06AD7E005D2390 /* Reusable.swift in Sources */ = {isa = PBXBuildFile; fileRef = F1F80AD41E06AD7E005D2390 /* Reusable.swift */; };
		F1F80ADD1E06AD7E005D2390 /* String+Nice.swift in Sources */ = {isa = PBXBuildFile; fileRef = F1F80AD51E06AD7E005D2390 /* String+Nice.swift */; };
		F1F80ADE1E06AD7E005D2390 /* UIColor+Nice.swift in Sources */ = {isa = PBXBuildFile; fileRef = F1F80AD61E06AD7E005D2390 /* UIColor+Nice.swift */; };
		F1F80ADF1E06AD7E005D2390 /* UIImage+Corner.swift in Sources */ = {isa = PBXBuildFile; fileRef = F1F80AD71E06AD7E005D2390 /* UIImage+Corner.swift */; };
		F1F80AE01E06AD7E005D2390 /* UIImageView+Nice.swift in Sources */ = {isa = PBXBuildFile; fileRef = F1F80AD81E06AD7E005D2390 /* UIImageView+Nice.swift */; };
		F1F80AE11E06AD7E005D2390 /* UIView+Frame.swift in Sources */ = {isa = PBXBuildFile; fileRef = F1F80AD91E06AD7E005D2390 /* UIView+Frame.swift */; };
/* End PBXBuildFile section */

/* Begin PBXCopyFilesBuildPhase section */
		F1420D751C9121A1001A2138 /* Embed App Extensions */ = {
			isa = PBXCopyFilesBuildPhase;
			buildActionMask = 2147483647;
			dstPath = "";
			dstSubfolderSpec = 13;
			files = (
			);
			name = "Embed App Extensions";
			runOnlyForDeploymentPostprocessing = 0;
		};
/* End PBXCopyFilesBuildPhase section */

/* Begin PBXFileReference section */
		01F7A6909A4EBA0AA1A80965 /* Pods_BeautifulApp.framework */ = {isa = PBXFileReference; explicitFileType = wrapper.framework; includeInIndex = 0; path = Pods_BeautifulApp.framework; sourceTree = BUILT_PRODUCTS_DIR; };
		5BE80D667CD796059219F8E8 /* Pods-BeautifulApp.release.xcconfig */ = {isa = PBXFileReference; includeInIndex = 1; lastKnownFileType = text.xcconfig; name = "Pods-BeautifulApp.release.xcconfig"; path = "Pods/Target Support Files/Pods-BeautifulApp/Pods-BeautifulApp.release.xcconfig"; sourceTree = "<group>"; };
		805B0CF00AA9F97414836381 /* Pods-BeautifulApp.debug.xcconfig */ = {isa = PBXFileReference; includeInIndex = 1; lastKnownFileType = text.xcconfig; name = "Pods-BeautifulApp.debug.xcconfig"; path = "Pods/Target Support Files/Pods-BeautifulApp/Pods-BeautifulApp.debug.xcconfig"; sourceTree = "<group>"; };
		F14143621E20C83A0001B8B8 /* ShareView.swift */ = {isa = PBXFileReference; fileEncoding = 4; lastKnownFileType = sourcecode.swift; path = ShareView.swift; sourceTree = "<group>"; };
		F14143641E20C92A0001B8B8 /* ShareResuable.swift */ = {isa = PBXFileReference; fileEncoding = 4; lastKnownFileType = sourcecode.swift; path = ShareResuable.swift; sourceTree = "<group>"; };
		F1420D361C9106C9001A2138 /* NotificationCenter.framework */ = {isa = PBXFileReference; lastKnownFileType = wrapper.framework; name = NotificationCenter.framework; path = System/Library/Frameworks/NotificationCenter.framework; sourceTree = SDKROOT; };
		F14505D61C1A6C2500955F6E /* libicucore.tbd */ = {isa = PBXFileReference; lastKnownFileType = "sourcecode.text-based-dylib-definition"; name = libicucore.tbd; path = usr/lib/libicucore.tbd; sourceTree = SDKROOT; };
		F14505D81C1A6C3900955F6E /* libstdc++.tbd */ = {isa = PBXFileReference; lastKnownFileType = "sourcecode.text-based-dylib-definition"; name = "libstdc++.tbd"; path = "usr/lib/libstdc++.tbd"; sourceTree = SDKROOT; };
		F14505DC1C1A6C5E00955F6E /* AdSupport.framework */ = {isa = PBXFileReference; lastKnownFileType = wrapper.framework; name = AdSupport.framework; path = System/Library/Frameworks/AdSupport.framework; sourceTree = SDKROOT; };
		F171CCB31BEBB15300F61307 /* BeautifulApp.app */ = {isa = PBXFileReference; explicitFileType = wrapper.application; includeInIndex = 0; path = BeautifulApp.app; sourceTree = BUILT_PRODUCTS_DIR; };
		F1C87AB31C0E90DC00A08387 /* libxml2.tbd */ = {isa = PBXFileReference; lastKnownFileType = "sourcecode.text-based-dylib-definition"; name = libxml2.tbd; path = usr/lib/libxml2.tbd; sourceTree = SDKROOT; };
		F1C87AB51C0E912A00A08387 /* CoreGraphics.framework */ = {isa = PBXFileReference; lastKnownFileType = wrapper.framework; name = CoreGraphics.framework; path = System/Library/Frameworks/CoreGraphics.framework; sourceTree = SDKROOT; };
		F1C87AB71C0E913100A08387 /* Foundation.framework */ = {isa = PBXFileReference; lastKnownFileType = wrapper.framework; name = Foundation.framework; path = System/Library/Frameworks/Foundation.framework; sourceTree = SDKROOT; };
		F1C87AB91C0E914300A08387 /* UIKit.framework */ = {isa = PBXFileReference; lastKnownFileType = wrapper.framework; name = UIKit.framework; path = System/Library/Frameworks/UIKit.framework; sourceTree = SDKROOT; };
		F1DBE2F01C0FE326003F5E48 /* libsqlite3.tbd */ = {isa = PBXFileReference; lastKnownFileType = "sourcecode.text-based-dylib-definition"; name = libsqlite3.tbd; path = usr/lib/libsqlite3.tbd; sourceTree = SDKROOT; };
		F1DBE2F21C0FE343003F5E48 /* ImageIO.framework */ = {isa = PBXFileReference; lastKnownFileType = wrapper.framework; name = ImageIO.framework; path = System/Library/Frameworks/ImageIO.framework; sourceTree = SDKROOT; };
		F1DBE2F41C0FE353003F5E48 /* Accelerate.framework */ = {isa = PBXFileReference; lastKnownFileType = wrapper.framework; name = Accelerate.framework; path = System/Library/Frameworks/Accelerate.framework; sourceTree = SDKROOT; };
		F1DBE2F61C0FE366003F5E48 /* CoreFoundation.framework */ = {isa = PBXFileReference; lastKnownFileType = wrapper.framework; name = CoreFoundation.framework; path = System/Library/Frameworks/CoreFoundation.framework; sourceTree = SDKROOT; };
		F1DBE2F81C0FE36F003F5E48 /* QuartzCore.framework */ = {isa = PBXFileReference; lastKnownFileType = wrapper.framework; name = QuartzCore.framework; path = System/Library/Frameworks/QuartzCore.framework; sourceTree = SDKROOT; };
		F1DBE2FA1C0FE37E003F5E48 /* AssetsLibrary.framework */ = {isa = PBXFileReference; lastKnownFileType = wrapper.framework; name = AssetsLibrary.framework; path = System/Library/Frameworks/AssetsLibrary.framework; sourceTree = SDKROOT; };
		F1DBE2FC1C0FE38C003F5E48 /* MobileCoreServices.framework */ = {isa = PBXFileReference; lastKnownFileType = wrapper.framework; name = MobileCoreServices.framework; path = System/Library/Frameworks/MobileCoreServices.framework; sourceTree = SDKROOT; };
		F1DBE2FE1C0FE399003F5E48 /* libz.tbd */ = {isa = PBXFileReference; lastKnownFileType = "sourcecode.text-based-dylib-definition"; name = libz.tbd; path = usr/lib/libz.tbd; sourceTree = SDKROOT; };
		F1F80A261E06A924005D2390 /* AppDelegate.swift */ = {isa = PBXFileReference; fileEncoding = 4; lastKnownFileType = sourcecode.swift; path = AppDelegate.swift; sourceTree = "<group>"; };
		F1F80A2A1E06A924005D2390 /* FindAppController.swift */ = {isa = PBXFileReference; fileEncoding = 4; lastKnownFileType = sourcecode.swift; path = FindAppController.swift; sourceTree = "<group>"; };
		F1F80A2C1E06A924005D2390 /* FindAppDetailController.swift */ = {isa = PBXFileReference; fileEncoding = 4; lastKnownFileType = sourcecode.swift; path = FindAppDetailController.swift; sourceTree = "<group>"; };
		F1F80A2F1E06A924005D2390 /* HomeDetailController.swift */ = {isa = PBXFileReference; fileEncoding = 4; lastKnownFileType = sourcecode.swift; path = HomeDetailController.swift; sourceTree = "<group>"; };
		F1F80A301E06A924005D2390 /* IFBaseNavController.swift */ = {isa = PBXFileReference; fileEncoding = 4; lastKnownFileType = sourcecode.swift; path = IFBaseNavController.swift; sourceTree = "<group>"; };
		F1F80A321E06A924005D2390 /* MainController.swift */ = {isa = PBXFileReference; fileEncoding = 4; lastKnownFileType = sourcecode.swift; path = MainController.swift; sourceTree = "<group>"; };
		F1F80A351E06A924005D2390 /* AboutViewController.swift */ = {isa = PBXFileReference; fileEncoding = 4; lastKnownFileType = sourcecode.swift; path = AboutViewController.swift; sourceTree = "<group>"; };
		F1F80A361E06A924005D2390 /* SettingViewController.swift */ = {isa = PBXFileReference; fileEncoding = 4; lastKnownFileType = sourcecode.swift; path = SettingViewController.swift; sourceTree = "<group>"; };
		F1F80A3F1E06A924005D2390 /* BaseModel.swift */ = {isa = PBXFileReference; fileEncoding = 4; lastKnownFileType = sourcecode.swift; path = BaseModel.swift; sourceTree = "<group>"; };
		F1F80A401E06A924005D2390 /* FindAppModel.swift */ = {isa = PBXFileReference; fileEncoding = 4; lastKnownFileType = sourcecode.swift; path = FindAppModel.swift; sourceTree = "<group>"; };
		F1F80A411E06A924005D2390 /* HomeModel.swift */ = {isa = PBXFileReference; fileEncoding = 4; lastKnownFileType = sourcecode.swift; path = HomeModel.swift; sourceTree = "<group>"; };
		F1F80A421E06A924005D2390 /* MenuTabModel.swift */ = {isa = PBXFileReference; fileEncoding = 4; lastKnownFileType = sourcecode.swift; path = MenuTabModel.swift; sourceTree = "<group>"; };
		F1F80A461E06A924005D2390 /* UIScrollView+XM.swift */ = {isa = PBXFileReference; fileEncoding = 4; lastKnownFileType = sourcecode.swift; path = "UIScrollView+XM.swift"; sourceTree = "<group>"; };
		F1F80A471E06A924005D2390 /* XMRefreshBase.swift */ = {isa = PBXFileReference; fileEncoding = 4; lastKnownFileType = sourcecode.swift; path = XMRefreshBase.swift; sourceTree = "<group>"; };
		F1F80A481E06A924005D2390 /* XMRefreshConst.swift */ = {isa = PBXFileReference; fileEncoding = 4; lastKnownFileType = sourcecode.swift; path = XMRefreshConst.swift; sourceTree = "<group>"; };
		F1F80A491E06A924005D2390 /* XMRefreshFooterView.swift */ = {isa = PBXFileReference; fileEncoding = 4; lastKnownFileType = sourcecode.swift; path = XMRefreshFooterView.swift; sourceTree = "<group>"; };
		F1F80A4A1E06A924005D2390 /* XMRefreshHeaderView.swift */ = {isa = PBXFileReference; fileEncoding = 4; lastKnownFileType = sourcecode.swift; path = XMRefreshHeaderView.swift; sourceTree = "<group>"; };
		F1F80A4C1E06A924005D2390 /* XMFindAppDetailAnimationUtil.swift */ = {isa = PBXFileReference; fileEncoding = 4; lastKnownFileType = sourcecode.swift; path = XMFindAppDetailAnimationUtil.swift; sourceTree = "<group>"; };
		F1F80A4D1E06A924005D2390 /* XMHomeAnimationPushUtil.swift */ = {isa = PBXFileReference; fileEncoding = 4; lastKnownFileType = sourcecode.swift; path = XMHomeAnimationPushUtil.swift; sourceTree = "<group>"; };
		F1F80A4E1E06A924005D2390 /* XMHomeDetailAnimationUtil.swift */ = {isa = PBXFileReference; fileEncoding = 4; lastKnownFileType = sourcecode.swift; path = XMHomeDetailAnimationUtil.swift; sourceTree = "<group>"; };
		F1F80A4F1E06A924005D2390 /* XMLParserUtil.swift */ = {isa = PBXFileReference; fileEncoding = 4; lastKnownFileType = sourcecode.swift; path = XMLParserUtil.swift; sourceTree = "<group>"; };
		F1F80A511E06A924005D2390 /* 1.gif */ = {isa = PBXFileReference; lastKnownFileType = image.gif; path = 1.gif; sourceTree = "<group>"; };
		F1F80A521E06A924005D2390 /* 2.gif */ = {isa = PBXFileReference; lastKnownFileType = image.gif; path = 2.gif; sourceTree = "<group>"; };
		F1F80A531E06A924005D2390 /* 3.gif */ = {isa = PBXFileReference; lastKnownFileType = image.gif; path = 3.gif; sourceTree = "<group>"; };
		F1F80A541E06A924005D2390 /* settingDataSource.plist */ = {isa = PBXFileReference; fileEncoding = 4; lastKnownFileType = text.plist.xml; path = settingDataSource.plist; sourceTree = "<group>"; };
		F1F80A551E06A924005D2390 /* 最美API.rtfd */ = {isa = PBXFileReference; lastKnownFileType = wrapper.rtfd; path = "最美API.rtfd"; sourceTree = "<group>"; };
		F1F80A571E06A924005D2390 /* NiceSerices.swift */ = {isa = PBXFileReference; fileEncoding = 4; lastKnownFileType = sourcecode.swift; path = NiceSerices.swift; sourceTree = "<group>"; };
		F1F80A5E1E06A924005D2390 /* CommentCell.swift */ = {isa = PBXFileReference; fileEncoding = 4; lastKnownFileType = sourcecode.swift; path = CommentCell.swift; sourceTree = "<group>"; };
		F1F80A601E06A924005D2390 /* FindAppDetailCenterView.swift */ = {isa = PBXFileReference; fileEncoding = 4; lastKnownFileType = sourcecode.swift; path = FindAppDetailCenterView.swift; sourceTree = "<group>"; };
		F1F80A611E06A924005D2390 /* FindAppDetailToolView.swift */ = {isa = PBXFileReference; fileEncoding = 4; lastKnownFileType = sourcecode.swift; path = FindAppDetailToolView.swift; sourceTree = "<group>"; };
		F1F80A621E06A924005D2390 /* FindAppDetailToolView.xib */ = {isa = PBXFileReference; fileEncoding = 4; lastKnownFileType = file.xib; path = FindAppDetailToolView.xib; sourceTree = "<group>"; };
		F1F80A641E06A924005D2390 /* FindAppCell.swift */ = {isa = PBXFileReference; fileEncoding = 4; lastKnownFileType = sourcecode.swift; path = FindAppCell.swift; sourceTree = "<group>"; };
		F1F80A651E06A924005D2390 /* FindAppCell.xib */ = {isa = PBXFileReference; fileEncoding = 4; lastKnownFileType = file.xib; path = FindAppCell.xib; sourceTree = "<group>"; };
		F1F80A661E06A924005D2390 /* FindAppHeaderView.swift */ = {isa = PBXFileReference; fileEncoding = 4; lastKnownFileType = sourcecode.swift; path = FindAppHeaderView.swift; sourceTree = "<group>"; };
		F1F80A681E06A924005D2390 /* HomeDetailCenterView.swift */ = {isa = PBXFileReference; fileEncoding = 4; lastKnownFileType = sourcecode.swift; path = HomeDetailCenterView.swift; sourceTree = "<group>"; };
		F1F80A691E06A924005D2390 /* XMHomeDetailBottomView.swift */ = {isa = PBXFileReference; fileEncoding = 4; lastKnownFileType = sourcecode.swift; path = XMHomeDetailBottomView.swift; sourceTree = "<group>"; };
		F1F80A6A1E06A924005D2390 /* XMHomeDetailCommentView.xib */ = {isa = PBXFileReference; fileEncoding = 4; lastKnownFileType = file.xib; path = XMHomeDetailCommentView.xib; sourceTree = "<group>"; };
		F1F80A6B1E06A924005D2390 /* XMHomeDetailShareView.swift */ = {isa = PBXFileReference; fileEncoding = 4; lastKnownFileType = sourcecode.swift; path = XMHomeDetailShareView.swift; sourceTree = "<group>"; };
		F1F80A6C1E06A924005D2390 /* XMHomeDetailShareView.xib */ = {isa = PBXFileReference; fileEncoding = 4; lastKnownFileType = file.xib; path = XMHomeDetailShareView.xib; sourceTree = "<group>"; };
		F1F80A6D1E06A924005D2390 /* XMHomeDetailStateView.xib */ = {isa = PBXFileReference; fileEncoding = 4; lastKnownFileType = file.xib; path = XMHomeDetailStateView.xib; sourceTree = "<group>"; };
		F1F80A6E1E06A924005D2390 /* XMHomeDetailToolView.swift */ = {isa = PBXFileReference; fileEncoding = 4; lastKnownFileType = sourcecode.swift; path = XMHomeDetailToolView.swift; sourceTree = "<group>"; };
		F1F80A6F1E06A924005D2390 /* XMHomeDetailToolView.xib */ = {isa = PBXFileReference; fileEncoding = 4; lastKnownFileType = file.xib; path = XMHomeDetailToolView.xib; sourceTree = "<group>"; };
		F1F80A741E06A924005D2390 /* MenuFooterView.swift */ = {isa = PBXFileReference; fileEncoding = 4; lastKnownFileType = sourcecode.swift; path = MenuFooterView.swift; sourceTree = "<group>"; };
		F1F80A751E06A924005D2390 /* MenuHeaderView.swift */ = {isa = PBXFileReference; fileEncoding = 4; lastKnownFileType = sourcecode.swift; path = MenuHeaderView.swift; sourceTree = "<group>"; };
		F1F80A761E06A924005D2390 /* MenuTableViewCell.swift */ = {isa = PBXFileReference; fileEncoding = 4; lastKnownFileType = sourcecode.swift; path = MenuTableViewCell.swift; sourceTree = "<group>"; };
		F1F80A781E06A924005D2390 /* AboutCenterView.swift */ = {isa = PBXFileReference; fileEncoding = 4; lastKnownFileType = sourcecode.swift; path = AboutCenterView.swift; sourceTree = "<group>"; };
		F1F80A791E06A924005D2390 /* AboutCenterView.xib */ = {isa = PBXFileReference; fileEncoding = 4; lastKnownFileType = file.xib; path = AboutCenterView.xib; sourceTree = "<group>"; };
		F1F80A7A1E06A924005D2390 /* SettingHeaderView.swift */ = {isa = PBXFileReference; fileEncoding = 4; lastKnownFileType = sourcecode.swift; path = SettingHeaderView.swift; sourceTree = "<group>"; };
		F1F80A7B1E06A924005D2390 /* SettingHeaderView.xib */ = {isa = PBXFileReference; fileEncoding = 4; lastKnownFileType = file.xib; path = SettingHeaderView.xib; sourceTree = "<group>"; };
		F1F80A7C1E06A924005D2390 /* SettingViewCell.swift */ = {isa = PBXFileReference; fileEncoding = 4; lastKnownFileType = sourcecode.swift; path = SettingViewCell.swift; sourceTree = "<group>"; };
		F1F80A7D1E06A924005D2390 /* SettingViewCell.xib */ = {isa = PBXFileReference; fileEncoding = 4; lastKnownFileType = file.xib; path = SettingViewCell.xib; sourceTree = "<group>"; };
		F1F80ABD1E06A946005D2390 /* APIConstant.swift */ = {isa = PBXFileReference; fileEncoding = 4; lastKnownFileType = sourcecode.swift; path = APIConstant.swift; sourceTree = "<group>"; };
		F1F80ABE1E06A946005D2390 /* UIConstant.swift */ = {isa = PBXFileReference; fileEncoding = 4; lastKnownFileType = sourcecode.swift; path = UIConstant.swift; sourceTree = "<group>"; };
		F1F80AC11E06AA26005D2390 /* Assets.xcassets */ = {isa = PBXFileReference; lastKnownFileType = folder.assetcatalog; path = Assets.xcassets; sourceTree = "<group>"; };
		F1F80AC31E06AA43005D2390 /* beautifulApp-Bridging-Header.h */ = {isa = PBXFileReference; lastKnownFileType = sourcecode.c.h; path = "beautifulApp-Bridging-Header.h"; sourceTree = "<group>"; };
		F1F80AC61E06AD2A005D2390 /* MenuController.swift */ = {isa = PBXFileReference; fileEncoding = 4; lastKnownFileType = sourcecode.swift; path = MenuController.swift; sourceTree = "<group>"; };
		F1F80AC81E06AD33005D2390 /* HomeController.swift */ = {isa = PBXFileReference; fileEncoding = 4; lastKnownFileType = sourcecode.swift; path = HomeController.swift; sourceTree = "<group>"; };
		F1F80ACA1E06AD4F005D2390 /* HomeBottomCollectionView.swift */ = {isa = PBXFileReference; fileEncoding = 4; lastKnownFileType = sourcecode.swift; path = HomeBottomCollectionView.swift; sourceTree = "<group>"; };
		F1F80ACB1E06AD4F005D2390 /* HomeBottomItemCell.swift */ = {isa = PBXFileReference; fileEncoding = 4; lastKnownFileType = sourcecode.swift; path = HomeBottomItemCell.swift; sourceTree = "<group>"; };
		F1F80ACC1E06AD4F005D2390 /* HomeCenterItemCell.swift */ = {isa = PBXFileReference; fileEncoding = 4; lastKnownFileType = sourcecode.swift; path = HomeCenterItemCell.swift; sourceTree = "<group>"; };
		F1F80ACD1E06AD4F005D2390 /* HomeHeaderView.swift */ = {isa = PBXFileReference; fileEncoding = 4; lastKnownFileType = sourcecode.swift; path = HomeHeaderView.swift; sourceTree = "<group>"; };
		F1F80AD21E06AD7E005D2390 /* ControllerReusable.swift */ = {isa = PBXFileReference; fileEncoding = 4; lastKnownFileType = sourcecode.swift; path = ControllerReusable.swift; sourceTree = "<group>"; };
		F1F80AD31E06AD7E005D2390 /* NSDate+Nice.swift */ = {isa = PBXFileReference; fileEncoding = 4; lastKnownFileType = sourcecode.swift; path = "NSDate+Nice.swift"; sourceTree = "<group>"; };
		F1F80AD41E06AD7E005D2390 /* Reusable.swift */ = {isa = PBXFileReference; fileEncoding = 4; lastKnownFileType = sourcecode.swift; path = Reusable.swift; sourceTree = "<group>"; };
		F1F80AD51E06AD7E005D2390 /* String+Nice.swift */ = {isa = PBXFileReference; fileEncoding = 4; lastKnownFileType = sourcecode.swift; path = "String+Nice.swift"; sourceTree = "<group>"; };
		F1F80AD61E06AD7E005D2390 /* UIColor+Nice.swift */ = {isa = PBXFileReference; fileEncoding = 4; lastKnownFileType = sourcecode.swift; path = "UIColor+Nice.swift"; sourceTree = "<group>"; };
		F1F80AD71E06AD7E005D2390 /* UIImage+Corner.swift */ = {isa = PBXFileReference; fileEncoding = 4; lastKnownFileType = sourcecode.swift; path = "UIImage+Corner.swift"; sourceTree = "<group>"; };
		F1F80AD81E06AD7E005D2390 /* UIImageView+Nice.swift */ = {isa = PBXFileReference; fileEncoding = 4; lastKnownFileType = sourcecode.swift; path = "UIImageView+Nice.swift"; sourceTree = "<group>"; };
		F1F80AD91E06AD7E005D2390 /* UIView+Frame.swift */ = {isa = PBXFileReference; fileEncoding = 4; lastKnownFileType = sourcecode.swift; path = "UIView+Frame.swift"; sourceTree = "<group>"; };
		F1F80AE21E06AF2C005D2390 /* Info.plist */ = {isa = PBXFileReference; fileEncoding = 4; lastKnownFileType = text.plist.xml; path = Info.plist; sourceTree = "<group>"; };
/* End PBXFileReference section */

/* Begin PBXFrameworksBuildPhase section */
		F171CCB01BEBB15300F61307 /* Frameworks */ = {
			isa = PBXFrameworksBuildPhase;
			buildActionMask = 2147483647;
			files = (
				F14505DD1C1A6C5E00955F6E /* AdSupport.framework in Frameworks */,
				F14505D91C1A6C3900955F6E /* libstdc++.tbd in Frameworks */,
				F14505D71C1A6C2500955F6E /* libicucore.tbd in Frameworks */,
				F1DBE2FF1C0FE399003F5E48 /* libz.tbd in Frameworks */,
				F1DBE2FD1C0FE38C003F5E48 /* MobileCoreServices.framework in Frameworks */,
				F1DBE2FB1C0FE37E003F5E48 /* AssetsLibrary.framework in Frameworks */,
				F1DBE2F91C0FE36F003F5E48 /* QuartzCore.framework in Frameworks */,
				F1DBE2F71C0FE366003F5E48 /* CoreFoundation.framework in Frameworks */,
				F1DBE2F51C0FE353003F5E48 /* Accelerate.framework in Frameworks */,
				F1DBE2F31C0FE343003F5E48 /* ImageIO.framework in Frameworks */,
				F1DBE2F11C0FE326003F5E48 /* libsqlite3.tbd in Frameworks */,
				F1C87ABA1C0E914300A08387 /* UIKit.framework in Frameworks */,
				F1C87AB81C0E913100A08387 /* Foundation.framework in Frameworks */,
				F1C87AB61C0E912A00A08387 /* CoreGraphics.framework in Frameworks */,
				F1C87AB41C0E90DC00A08387 /* libxml2.tbd in Frameworks */,
				7C4F821A189203E48C0987A8 /* Pods_BeautifulApp.framework in Frameworks */,
			);
			runOnlyForDeploymentPostprocessing = 0;
		};
/* End PBXFrameworksBuildPhase section */

/* Begin PBXGroup section */
		0B8B744CE71F24C87CDD6070 /* Frameworks */ = {
			isa = PBXGroup;
			children = (
				F14505DC1C1A6C5E00955F6E /* AdSupport.framework */,
				F14505D81C1A6C3900955F6E /* libstdc++.tbd */,
				F14505D61C1A6C2500955F6E /* libicucore.tbd */,
				F1DBE2FE1C0FE399003F5E48 /* libz.tbd */,
				F1DBE2FC1C0FE38C003F5E48 /* MobileCoreServices.framework */,
				F1DBE2FA1C0FE37E003F5E48 /* AssetsLibrary.framework */,
				F1DBE2F81C0FE36F003F5E48 /* QuartzCore.framework */,
				F1DBE2F61C0FE366003F5E48 /* CoreFoundation.framework */,
				F1DBE2F41C0FE353003F5E48 /* Accelerate.framework */,
				F1DBE2F21C0FE343003F5E48 /* ImageIO.framework */,
				F1DBE2F01C0FE326003F5E48 /* libsqlite3.tbd */,
				F1C87AB91C0E914300A08387 /* UIKit.framework */,
				F1C87AB71C0E913100A08387 /* Foundation.framework */,
				F1C87AB51C0E912A00A08387 /* CoreGraphics.framework */,
				F1C87AB31C0E90DC00A08387 /* libxml2.tbd */,
				F1420D361C9106C9001A2138 /* NotificationCenter.framework */,
				01F7A6909A4EBA0AA1A80965 /* Pods_BeautifulApp.framework */,
			);
			name = Frameworks;
			sourceTree = "<group>";
		};
		C7FBEDEE3E0026FEBAB9A9DC /* Pods */ = {
			isa = PBXGroup;
			children = (
				805B0CF00AA9F97414836381 /* Pods-BeautifulApp.debug.xcconfig */,
				5BE80D667CD796059219F8E8 /* Pods-BeautifulApp.release.xcconfig */,
			);
			name = Pods;
			sourceTree = "<group>";
		};
		F171CCAA1BEBB15300F61307 = {
			isa = PBXGroup;
			children = (
				F1F80A251E06A924005D2390 /* BeautifulApp */,
				F171CCB41BEBB15300F61307 /* Products */,
				C7FBEDEE3E0026FEBAB9A9DC /* Pods */,
				0B8B744CE71F24C87CDD6070 /* Frameworks */,
			);
			sourceTree = "<group>";
		};
		F171CCB41BEBB15300F61307 /* Products */ = {
			isa = PBXGroup;
			children = (
				F171CCB31BEBB15300F61307 /* BeautifulApp.app */,
			);
			name = Products;
			sourceTree = "<group>";
		};
		F1F80A251E06A924005D2390 /* BeautifulApp */ = {
			isa = PBXGroup;
			children = (
				F1F80AE21E06AF2C005D2390 /* Info.plist */,
				F1F80AC31E06AA43005D2390 /* beautifulApp-Bridging-Header.h */,
				F1F80AC11E06AA26005D2390 /* Assets.xcassets */,
				F1F80A261E06A924005D2390 /* AppDelegate.swift */,
				F1F80A271E06A924005D2390 /* Constant */,
				F1F80A281E06A924005D2390 /* Controllers */,
				F1F80A371E06A924005D2390 /* Extension */,
				F1F80A3E1E06A924005D2390 /* Models */,
				F1F80A431E06A924005D2390 /* Other */,
				F1F80A501E06A924005D2390 /* Resources */,
				F1F80A561E06A924005D2390 /* Services */,
				F1F80A5D1E06A924005D2390 /* Views */,
			);
			path = BeautifulApp;
			sourceTree = "<group>";
		};
		F1F80A271E06A924005D2390 /* Constant */ = {
			isa = PBXGroup;
			children = (
				F1F80ABD1E06A946005D2390 /* APIConstant.swift */,
				F1F80ABE1E06A946005D2390 /* UIConstant.swift */,
			);
			path = Constant;
			sourceTree = "<group>";
		};
		F1F80A281E06A924005D2390 /* Controllers */ = {
			isa = PBXGroup;
			children = (
				F1F80A291E06A924005D2390 /* FindAppController */,
				F1F80A2B1E06A924005D2390 /* FindAppDetailController */,
				F1F80A2D1E06A924005D2390 /* HomeController */,
				F1F80A2E1E06A924005D2390 /* HomeDetailController */,
				F1F80A301E06A924005D2390 /* IFBaseNavController.swift */,
				F1F80A311E06A924005D2390 /* MainController */,
				F1F80A331E06A924005D2390 /* MenuController */,
				F1F80A341E06A924005D2390 /* SettingController */,
			);
			path = Controllers;
			sourceTree = "<group>";
		};
		F1F80A291E06A924005D2390 /* FindAppController */ = {
			isa = PBXGroup;
			children = (
				F1F80A2A1E06A924005D2390 /* FindAppController.swift */,
			);
			path = FindAppController;
			sourceTree = "<group>";
		};
		F1F80A2B1E06A924005D2390 /* FindAppDetailController */ = {
			isa = PBXGroup;
			children = (
				F1F80A2C1E06A924005D2390 /* FindAppDetailController.swift */,
			);
			path = FindAppDetailController;
			sourceTree = "<group>";
		};
		F1F80A2D1E06A924005D2390 /* HomeController */ = {
			isa = PBXGroup;
			children = (
				F1F80AC81E06AD33005D2390 /* HomeController.swift */,
			);
			path = HomeController;
			sourceTree = "<group>";
		};
		F1F80A2E1E06A924005D2390 /* HomeDetailController */ = {
			isa = PBXGroup;
			children = (
				F1F80A2F1E06A924005D2390 /* HomeDetailController.swift */,
			);
			path = HomeDetailController;
			sourceTree = "<group>";
		};
		F1F80A311E06A924005D2390 /* MainController */ = {
			isa = PBXGroup;
			children = (
				F1F80A321E06A924005D2390 /* MainController.swift */,
			);
			path = MainController;
			sourceTree = "<group>";
		};
		F1F80A331E06A924005D2390 /* MenuController */ = {
			isa = PBXGroup;
			children = (
				F1F80AC61E06AD2A005D2390 /* MenuController.swift */,
			);
			path = MenuController;
			sourceTree = "<group>";
		};
		F1F80A341E06A924005D2390 /* SettingController */ = {
			isa = PBXGroup;
			children = (
				F1F80A351E06A924005D2390 /* AboutViewController.swift */,
				F1F80A361E06A924005D2390 /* SettingViewController.swift */,
			);
			path = SettingController;
			sourceTree = "<group>";
		};
		F1F80A371E06A924005D2390 /* Extension */ = {
			isa = PBXGroup;
			children = (
				F14143641E20C92A0001B8B8 /* ShareResuable.swift */,
				F1F80AD21E06AD7E005D2390 /* ControllerReusable.swift */,
				F1F80AD31E06AD7E005D2390 /* NSDate+Nice.swift */,
				F1F80AD41E06AD7E005D2390 /* Reusable.swift */,
				F1F80AD51E06AD7E005D2390 /* String+Nice.swift */,
				F1F80AD61E06AD7E005D2390 /* UIColor+Nice.swift */,
				F1F80AD71E06AD7E005D2390 /* UIImage+Corner.swift */,
				F1F80AD81E06AD7E005D2390 /* UIImageView+Nice.swift */,
				F1F80AD91E06AD7E005D2390 /* UIView+Frame.swift */,
			);
			path = Extension;
			sourceTree = "<group>";
		};
		F1F80A3E1E06A924005D2390 /* Models */ = {
			isa = PBXGroup;
			children = (
				F1F80A3F1E06A924005D2390 /* BaseModel.swift */,
				F1F80A401E06A924005D2390 /* FindAppModel.swift */,
				F1F80A411E06A924005D2390 /* HomeModel.swift */,
				F1F80A421E06A924005D2390 /* MenuTabModel.swift */,
			);
			path = Models;
			sourceTree = "<group>";
		};
		F1F80A431E06A924005D2390 /* Other */ = {
			isa = PBXGroup;
			children = (
				F1F80A441E06A924005D2390 /* Lib */,
				F1F80A4B1E06A924005D2390 /* Utils */,
			);
			path = Other;
			sourceTree = "<group>";
		};
		F1F80A441E06A924005D2390 /* Lib */ = {
			isa = PBXGroup;
			children = (
				F1F80A451E06A924005D2390 /* XMRefresh */,
			);
			path = Lib;
			sourceTree = "<group>";
		};
		F1F80A451E06A924005D2390 /* XMRefresh */ = {
			isa = PBXGroup;
			children = (
				F1F80A461E06A924005D2390 /* UIScrollView+XM.swift */,
				F1F80A471E06A924005D2390 /* XMRefreshBase.swift */,
				F1F80A481E06A924005D2390 /* XMRefreshConst.swift */,
				F1F80A491E06A924005D2390 /* XMRefreshFooterView.swift */,
				F1F80A4A1E06A924005D2390 /* XMRefreshHeaderView.swift */,
			);
			path = XMRefresh;
			sourceTree = "<group>";
		};
		F1F80A4B1E06A924005D2390 /* Utils */ = {
			isa = PBXGroup;
			children = (
				F1F80A4C1E06A924005D2390 /* XMFindAppDetailAnimationUtil.swift */,
				F1F80A4D1E06A924005D2390 /* XMHomeAnimationPushUtil.swift */,
				F1F80A4E1E06A924005D2390 /* XMHomeDetailAnimationUtil.swift */,
				F1F80A4F1E06A924005D2390 /* XMLParserUtil.swift */,
			);
			path = Utils;
			sourceTree = "<group>";
		};
		F1F80A501E06A924005D2390 /* Resources */ = {
			isa = PBXGroup;
			children = (
				F1F80A511E06A924005D2390 /* 1.gif */,
				F1F80A521E06A924005D2390 /* 2.gif */,
				F1F80A531E06A924005D2390 /* 3.gif */,
				F1F80A541E06A924005D2390 /* settingDataSource.plist */,
				F1F80A551E06A924005D2390 /* 最美API.rtfd */,
			);
			path = Resources;
			sourceTree = "<group>";
		};
		F1F80A561E06A924005D2390 /* Services */ = {
			isa = PBXGroup;
			children = (
				F1F80A571E06A924005D2390 /* NiceSerices.swift */,
			);
			path = Services;
			sourceTree = "<group>";
		};
		F1F80A5D1E06A924005D2390 /* Views */ = {
			isa = PBXGroup;
			children = (
				F1F80A5E1E06A924005D2390 /* CommentCell.swift */,
				F1F80A5F1E06A924005D2390 /* FindAppDetailView */,
				F1F80A631E06A924005D2390 /* FindAppView */,
				F1F80A671E06A924005D2390 /* HomeDetailView */,
				F1F80A701E06A924005D2390 /* HomeView */,
				F1F80A731E06A924005D2390 /* MenuView */,
				F1F80A771E06A924005D2390 /* SettingView */,
			);
			path = Views;
			sourceTree = "<group>";
		};
		F1F80A5F1E06A924005D2390 /* FindAppDetailView */ = {
			isa = PBXGroup;
			children = (
				F1F80A601E06A924005D2390 /* FindAppDetailCenterView.swift */,
				F1F80A611E06A924005D2390 /* FindAppDetailToolView.swift */,
				F1F80A621E06A924005D2390 /* FindAppDetailToolView.xib */,
			);
			path = FindAppDetailView;
			sourceTree = "<group>";
		};
		F1F80A631E06A924005D2390 /* FindAppView */ = {
			isa = PBXGroup;
			children = (
				F1F80A641E06A924005D2390 /* FindAppCell.swift */,
				F1F80A651E06A924005D2390 /* FindAppCell.xib */,
				F1F80A661E06A924005D2390 /* FindAppHeaderView.swift */,
			);
			path = FindAppView;
			sourceTree = "<group>";
		};
		F1F80A671E06A924005D2390 /* HomeDetailView */ = {
			isa = PBXGroup;
			children = (
				F1F80A681E06A924005D2390 /* HomeDetailCenterView.swift */,
				F1F80A691E06A924005D2390 /* XMHomeDetailBottomView.swift */,
				F1F80A6A1E06A924005D2390 /* XMHomeDetailCommentView.xib */,
				F1F80A6B1E06A924005D2390 /* XMHomeDetailShareView.swift */,
				F1F80A6C1E06A924005D2390 /* XMHomeDetailShareView.xib */,
				F1F80A6D1E06A924005D2390 /* XMHomeDetailStateView.xib */,
				F1F80A6E1E06A924005D2390 /* XMHomeDetailToolView.swift */,
				F1F80A6F1E06A924005D2390 /* XMHomeDetailToolView.xib */,
			);
			path = HomeDetailView;
			sourceTree = "<group>";
		};
		F1F80A701E06A924005D2390 /* HomeView */ = {
			isa = PBXGroup;
			children = (
				F1F80ACA1E06AD4F005D2390 /* HomeBottomCollectionView.swift */,
				F1F80ACB1E06AD4F005D2390 /* HomeBottomItemCell.swift */,
				F1F80ACC1E06AD4F005D2390 /* HomeCenterItemCell.swift */,
				F1F80ACD1E06AD4F005D2390 /* HomeHeaderView.swift */,
			);
			path = HomeView;
			sourceTree = "<group>";
		};
		F1F80A731E06A924005D2390 /* MenuView */ = {
			isa = PBXGroup;
			children = (
				F1F80A741E06A924005D2390 /* MenuFooterView.swift */,
				F1F80A751E06A924005D2390 /* MenuHeaderView.swift */,
				F1F80A761E06A924005D2390 /* MenuTableViewCell.swift */,
			);
			path = MenuView;
			sourceTree = "<group>";
		};
		F1F80A771E06A924005D2390 /* SettingView */ = {
			isa = PBXGroup;
			children = (
				F14143621E20C83A0001B8B8 /* ShareView.swift */,
				F1F80A781E06A924005D2390 /* AboutCenterView.swift */,
				F1F80A791E06A924005D2390 /* AboutCenterView.xib */,
				F1F80A7A1E06A924005D2390 /* SettingHeaderView.swift */,
				F1F80A7B1E06A924005D2390 /* SettingHeaderView.xib */,
				F1F80A7C1E06A924005D2390 /* SettingViewCell.swift */,
				F1F80A7D1E06A924005D2390 /* SettingViewCell.xib */,
			);
			path = SettingView;
			sourceTree = "<group>";
		};
/* End PBXGroup section */

/* Begin PBXNativeTarget section */
		F171CCB21BEBB15300F61307 /* BeautifulApp */ = {
			isa = PBXNativeTarget;
			buildConfigurationList = F171CCC51BEBB15300F61307 /* Build configuration list for PBXNativeTarget "BeautifulApp" */;
			buildPhases = (
				CC361AF3C9A9CAF3BE8D2FC1 /* [CP] Check Pods Manifest.lock */,
				F171CCAF1BEBB15300F61307 /* Sources */,
				F171CCB01BEBB15300F61307 /* Frameworks */,
				F171CCB11BEBB15300F61307 /* Resources */,
				F1420D751C9121A1001A2138 /* Embed App Extensions */,
				5C9C110C0764F54DE3541ED6 /* [CP] Embed Pods Frameworks */,
				CE2D5A812CABBA83909E08ED /* [CP] Copy Pods Resources */,
			);
			buildRules = (
			);
			dependencies = (
			);
			name = BeautifulApp;
			productName = BeautifulApp;
			productReference = F171CCB31BEBB15300F61307 /* BeautifulApp.app */;
			productType = "com.apple.product-type.application";
		};
/* End PBXNativeTarget section */

/* Begin PBXProject section */
		F171CCAB1BEBB15300F61307 /* Project object */ = {
			isa = PBXProject;
			attributes = {
				LastSwiftUpdateCheck = 0720;
				LastUpgradeCheck = 0810;
				ORGANIZATIONNAME = xiaoming;
				TargetAttributes = {
					F171CCB21BEBB15300F61307 = {
						CreatedOnToolsVersion = 7.1;
						DevelopmentTeam = 5N8LXT5RPD;
						ProvisioningStyle = Automatic;
						SystemCapabilities = {
							com.apple.ApplicationGroups.iOS = {
								enabled = 0;
							};
						};
					};
				};
			};
			buildConfigurationList = F171CCAE1BEBB15300F61307 /* Build configuration list for PBXProject "BeautifulApp" */;
			compatibilityVersion = "Xcode 3.2";
			developmentRegion = English;
			hasScannedForEncodings = 0;
			knownRegions = (
				en,
				Base,
				"zh-Hans",
			);
			mainGroup = F171CCAA1BEBB15300F61307;
			productRefGroup = F171CCB41BEBB15300F61307 /* Products */;
			projectDirPath = "";
			projectRoot = "";
			targets = (
				F171CCB21BEBB15300F61307 /* BeautifulApp */,
			);
		};
/* End PBXProject section */

/* Begin PBXResourcesBuildPhase section */
		F171CCB11BEBB15300F61307 /* Resources */ = {
			isa = PBXResourcesBuildPhase;
			buildActionMask = 2147483647;
			files = (
				F1F80A9D1E06A924005D2390 /* 最美API.rtfd in Resources */,
				F1F80AC21E06AA26005D2390 /* Assets.xcassets in Resources */,
				F1F80AAE1E06A924005D2390 /* XMHomeDetailShareView.xib in Resources */,
				F1F80AB11E06A924005D2390 /* XMHomeDetailToolView.xib in Resources */,
				F1F80AAF1E06A924005D2390 /* XMHomeDetailStateView.xib in Resources */,
				F1F80ABC1E06A924005D2390 /* SettingViewCell.xib in Resources */,
				F1F80AA61E06A924005D2390 /* FindAppDetailToolView.xib in Resources */,
				F1F80AA81E06A924005D2390 /* FindAppCell.xib in Resources */,
				F1F80AB81E06A924005D2390 /* AboutCenterView.xib in Resources */,
				F1F80A9C1E06A924005D2390 /* settingDataSource.plist in Resources */,
				F1F80ABA1E06A924005D2390 /* SettingHeaderView.xib in Resources */,
				F1F80AAC1E06A924005D2390 /* XMHomeDetailCommentView.xib in Resources */,
			);
			runOnlyForDeploymentPostprocessing = 0;
		};
/* End PBXResourcesBuildPhase section */

/* Begin PBXShellScriptBuildPhase section */
		5C9C110C0764F54DE3541ED6 /* [CP] Embed Pods Frameworks */ = {
			isa = PBXShellScriptBuildPhase;
			buildActionMask = 2147483647;
			files = (
			);
			inputPaths = (
			);
			name = "[CP] Embed Pods Frameworks";
			outputPaths = (
			);
			runOnlyForDeploymentPostprocessing = 0;
			shellPath = /bin/sh;
			shellScript = "\"${SRCROOT}/Pods/Target Support Files/Pods-BeautifulApp/Pods-BeautifulApp-frameworks.sh\"\n";
			showEnvVarsInLog = 0;
		};
		CC361AF3C9A9CAF3BE8D2FC1 /* [CP] Check Pods Manifest.lock */ = {
			isa = PBXShellScriptBuildPhase;
			buildActionMask = 2147483647;
			files = (
			);
			inputPaths = (
			);
			name = "[CP] Check Pods Manifest.lock";
			outputPaths = (
			);
			runOnlyForDeploymentPostprocessing = 0;
			shellPath = /bin/sh;
			shellScript = "diff \"${PODS_ROOT}/../Podfile.lock\" \"${PODS_ROOT}/Manifest.lock\" > /dev/null\nif [ $? != 0 ] ; then\n    # print error to STDERR\n    echo \"error: The sandbox is not in sync with the Podfile.lock. Run 'pod install' or update your CocoaPods installation.\" >&2\n    exit 1\nfi\n";
			showEnvVarsInLog = 0;
		};
		CE2D5A812CABBA83909E08ED /* [CP] Copy Pods Resources */ = {
			isa = PBXShellScriptBuildPhase;
			buildActionMask = 2147483647;
			files = (
			);
			inputPaths = (
			);
			name = "[CP] Copy Pods Resources";
			outputPaths = (
			);
			runOnlyForDeploymentPostprocessing = 0;
			shellPath = /bin/sh;
			shellScript = "\"${SRCROOT}/Pods/Target Support Files/Pods-BeautifulApp/Pods-BeautifulApp-resources.sh\"\n";
			showEnvVarsInLog = 0;
		};
/* End PBXShellScriptBuildPhase section */

/* Begin PBXSourcesBuildPhase section */
		F171CCAF1BEBB15300F61307 /* Sources */ = {
			isa = PBXSourcesBuildPhase;
			buildActionMask = 2147483647;
			files = (
				F1F80A8D1E06A924005D2390 /* FindAppModel.swift in Sources */,
				F1F80AAA1E06A924005D2390 /* HomeDetailCenterView.swift in Sources */,
				F1F80AB61E06A924005D2390 /* MenuTableViewCell.swift in Sources */,
				F1F80AC01E06A946005D2390 /* UIConstant.swift in Sources */,
				F1F80ADD1E06AD7E005D2390 /* String+Nice.swift in Sources */,
				F1F80AB01E06A924005D2390 /* XMHomeDetailToolView.swift in Sources */,
				F1F80A911E06A924005D2390 /* XMRefreshBase.swift in Sources */,
				F1F80A961E06A924005D2390 /* XMHomeAnimationPushUtil.swift in Sources */,
				F1F80A7F1E06A924005D2390 /* FindAppController.swift in Sources */,
				F1F80A811E06A924005D2390 /* HomeDetailController.swift in Sources */,
				F1F80A7E1E06A924005D2390 /* AppDelegate.swift in Sources */,
				F1F80A971E06A924005D2390 /* XMHomeDetailAnimationUtil.swift in Sources */,
				F1F80A931E06A924005D2390 /* XMRefreshFooterView.swift in Sources */,
				F1F80ADC1E06AD7E005D2390 /* Reusable.swift in Sources */,
				F1F80A9E1E06A924005D2390 /* NiceSerices.swift in Sources */,
				F1F80ACF1E06AD4F005D2390 /* HomeBottomItemCell.swift in Sources */,
				F1F80AB41E06A924005D2390 /* MenuFooterView.swift in Sources */,
				F14143651E20C92A0001B8B8 /* ShareResuable.swift in Sources */,
				F1F80A851E06A924005D2390 /* SettingViewController.swift in Sources */,
				F1F80AAB1E06A924005D2390 /* XMHomeDetailBottomView.swift in Sources */,
				F1F80AA41E06A924005D2390 /* FindAppDetailCenterView.swift in Sources */,
				F1F80ADF1E06AD7E005D2390 /* UIImage+Corner.swift in Sources */,
				F1F80AA71E06A924005D2390 /* FindAppCell.swift in Sources */,
				F1F80AA91E06A924005D2390 /* FindAppHeaderView.swift in Sources */,
				F1F80ADA1E06AD7E005D2390 /* ControllerReusable.swift in Sources */,
				F14143631E20C83A0001B8B8 /* ShareView.swift in Sources */,
				F1F80A981E06A924005D2390 /* XMLParserUtil.swift in Sources */,
				F1F80A941E06A924005D2390 /* XMRefreshHeaderView.swift in Sources */,
				F1F80ADB1E06AD7E005D2390 /* NSDate+Nice.swift in Sources */,
				F1F80ADE1E06AD7E005D2390 /* UIColor+Nice.swift in Sources */,
				F1F80A8F1E06A924005D2390 /* MenuTabModel.swift in Sources */,
				F1F80AA51E06A924005D2390 /* FindAppDetailToolView.swift in Sources */,
				F1F80A841E06A924005D2390 /* AboutViewController.swift in Sources */,
				F1F80AE01E06AD7E005D2390 /* UIImageView+Nice.swift in Sources */,
				F1F80AB71E06A924005D2390 /* AboutCenterView.swift in Sources */,
				F1F80A8E1E06A924005D2390 /* HomeModel.swift in Sources */,
				F1F80A821E06A924005D2390 /* IFBaseNavController.swift in Sources */,
				F1F80ABF1E06A946005D2390 /* APIConstant.swift in Sources */,
				F1F80A8C1E06A924005D2390 /* BaseModel.swift in Sources */,
				F1F80A921E06A924005D2390 /* XMRefreshConst.swift in Sources */,
				F1F80A951E06A924005D2390 /* XMFindAppDetailAnimationUtil.swift in Sources */,
				F1F80AAD1E06A924005D2390 /* XMHomeDetailShareView.swift in Sources */,
				F1F80AB51E06A924005D2390 /* MenuHeaderView.swift in Sources */,
				F1F80AB91E06A924005D2390 /* SettingHeaderView.swift in Sources */,
				F1F80AE11E06AD7E005D2390 /* UIView+Frame.swift in Sources */,
				F1F80AA31E06A924005D2390 /* CommentCell.swift in Sources */,
				F1F80AC71E06AD2A005D2390 /* MenuController.swift in Sources */,
				F1F80ABB1E06A924005D2390 /* SettingViewCell.swift in Sources */,
				F1F80AD11E06AD4F005D2390 /* HomeHeaderView.swift in Sources */,
				F1F80AC91E06AD33005D2390 /* HomeController.swift in Sources */,
				F1F80A831E06A924005D2390 /* MainController.swift in Sources */,
				F1F80AD01E06AD4F005D2390 /* HomeCenterItemCell.swift in Sources */,
				F1F80A801E06A924005D2390 /* FindAppDetailController.swift in Sources */,
				F1F80ACE1E06AD4F005D2390 /* HomeBottomCollectionView.swift in Sources */,
				F1F80A901E06A924005D2390 /* UIScrollView+XM.swift in Sources */,
			);
			runOnlyForDeploymentPostprocessing = 0;
		};
/* End PBXSourcesBuildPhase section */

/* Begin XCBuildConfiguration section */
		F171CCC31BEBB15300F61307 /* Debug */ = {
			isa = XCBuildConfiguration;
			buildSettings = {
				ALWAYS_SEARCH_USER_PATHS = NO;
				CLANG_ANALYZER_LOCALIZABILITY_NONLOCALIZED = YES;
				CLANG_CXX_LANGUAGE_STANDARD = "gnu++0x";
				CLANG_CXX_LIBRARY = "libc++";
				CLANG_ENABLE_MODULES = YES;
				CLANG_ENABLE_OBJC_ARC = YES;
				CLANG_WARN_BOOL_CONVERSION = YES;
				CLANG_WARN_CONSTANT_CONVERSION = YES;
				CLANG_WARN_DIRECT_OBJC_ISA_USAGE = YES_ERROR;
				CLANG_WARN_EMPTY_BODY = YES;
				CLANG_WARN_ENUM_CONVERSION = YES;
				CLANG_WARN_INFINITE_RECURSION = YES;
				CLANG_WARN_INT_CONVERSION = YES;
				CLANG_WARN_OBJC_ROOT_CLASS = YES_ERROR;
				CLANG_WARN_SUSPICIOUS_MOVE = YES;
				CLANG_WARN_UNREACHABLE_CODE = YES;
				CLANG_WARN__DUPLICATE_METHOD_MATCH = YES;
				"CODE_SIGN_IDENTITY[sdk=iphoneos*]" = "iPhone Developer";
				COPY_PHASE_STRIP = NO;
				DEBUG_INFORMATION_FORMAT = dwarf;
				ENABLE_BITCODE = NO;
				ENABLE_STRICT_OBJC_MSGSEND = YES;
				ENABLE_TESTABILITY = YES;
				GCC_C_LANGUAGE_STANDARD = gnu99;
				GCC_DYNAMIC_NO_PIC = NO;
				GCC_NO_COMMON_BLOCKS = YES;
				GCC_OPTIMIZATION_LEVEL = 0;
				GCC_PREPROCESSOR_DEFINITIONS = (
					"DEBUG=1",
					"$(inherited)",
				);
				GCC_WARN_64_TO_32_BIT_CONVERSION = YES;
				GCC_WARN_ABOUT_RETURN_TYPE = YES_ERROR;
				GCC_WARN_UNDECLARED_SELECTOR = YES;
				GCC_WARN_UNINITIALIZED_AUTOS = YES_AGGRESSIVE;
				GCC_WARN_UNUSED_FUNCTION = YES;
				GCC_WARN_UNUSED_VARIABLE = YES;
				IPHONEOS_DEPLOYMENT_TARGET = 9.0;
				MTL_ENABLE_DEBUG_INFO = YES;
				ONLY_ACTIVE_ARCH = YES;
				SDKROOT = iphoneos;
				SWIFT_OPTIMIZATION_LEVEL = "-Onone";
				TARGETED_DEVICE_FAMILY = "1,2";
			};
			name = Debug;
		};
		F171CCC41BEBB15300F61307 /* Release */ = {
			isa = XCBuildConfiguration;
			buildSettings = {
				ALWAYS_SEARCH_USER_PATHS = NO;
				CLANG_ANALYZER_LOCALIZABILITY_NONLOCALIZED = YES;
				CLANG_CXX_LANGUAGE_STANDARD = "gnu++0x";
				CLANG_CXX_LIBRARY = "libc++";
				CLANG_ENABLE_MODULES = YES;
				CLANG_ENABLE_OBJC_ARC = YES;
				CLANG_WARN_BOOL_CONVERSION = YES;
				CLANG_WARN_CONSTANT_CONVERSION = YES;
				CLANG_WARN_DIRECT_OBJC_ISA_USAGE = YES_ERROR;
				CLANG_WARN_EMPTY_BODY = YES;
				CLANG_WARN_ENUM_CONVERSION = YES;
				CLANG_WARN_INFINITE_RECURSION = YES;
				CLANG_WARN_INT_CONVERSION = YES;
				CLANG_WARN_OBJC_ROOT_CLASS = YES_ERROR;
				CLANG_WARN_SUSPICIOUS_MOVE = YES;
				CLANG_WARN_UNREACHABLE_CODE = YES;
				CLANG_WARN__DUPLICATE_METHOD_MATCH = YES;
				"CODE_SIGN_IDENTITY[sdk=iphoneos*]" = "iPhone Developer";
				COPY_PHASE_STRIP = NO;
				DEBUG_INFORMATION_FORMAT = "dwarf-with-dsym";
				ENABLE_BITCODE = NO;
				ENABLE_NS_ASSERTIONS = NO;
				ENABLE_STRICT_OBJC_MSGSEND = YES;
				GCC_C_LANGUAGE_STANDARD = gnu99;
				GCC_NO_COMMON_BLOCKS = YES;
				GCC_WARN_64_TO_32_BIT_CONVERSION = YES;
				GCC_WARN_ABOUT_RETURN_TYPE = YES_ERROR;
				GCC_WARN_UNDECLARED_SELECTOR = YES;
				GCC_WARN_UNINITIALIZED_AUTOS = YES_AGGRESSIVE;
				GCC_WARN_UNUSED_FUNCTION = YES;
				GCC_WARN_UNUSED_VARIABLE = YES;
				IPHONEOS_DEPLOYMENT_TARGET = 9.0;
				MTL_ENABLE_DEBUG_INFO = NO;
				SDKROOT = iphoneos;
				SWIFT_OPTIMIZATION_LEVEL = "-Owholemodule";
				TARGETED_DEVICE_FAMILY = "1,2";
				VALIDATE_PRODUCT = YES;
			};
			name = Release;
		};
		F171CCC61BEBB15300F61307 /* Debug */ = {
			isa = XCBuildConfiguration;
			baseConfigurationReference = 805B0CF00AA9F97414836381 /* Pods-BeautifulApp.debug.xcconfig */;
			buildSettings = {
				ALWAYS_EMBED_SWIFT_STANDARD_LIBRARIES = YES;
				ASSETCATALOG_COMPILER_APPICON_NAME = AppIcon;
				ASSETCATALOG_COMPILER_LAUNCHIMAGE_NAME = LaunchImage;
				CODE_SIGN_ENTITLEMENTS = "";
				CODE_SIGN_IDENTITY = "";
				"CODE_SIGN_IDENTITY[sdk=iphoneos*]" = "iPhone Developer";
				DEVELOPMENT_TEAM = 5N8LXT5RPD;
				FRAMEWORK_SEARCH_PATHS = (
					"$(inherited)",
					"$(SDKROOT)$(SYSTEM_LIBRARY_DIR)/PrivateFrameworks",
				);
				HEADER_SEARCH_PATHS = (
					"$(inherited)",
					"\"${PODS_ROOT}/Headers/Public\"",
					"${SDK_DIR}/usr/include/libxml2",
				);
				INFOPLIST_FILE = BeautifulApp/Info.plist;
				IPHONEOS_DEPLOYMENT_TARGET = 9.0;
				LD_RUNPATH_SEARCH_PATHS = "$(inherited) @executable_path/Frameworks";
				LIBRARY_SEARCH_PATHS = "$(inherited)";
				ONLY_ACTIVE_ARCH = YES;
				PRODUCT_BUNDLE_IDENTIFIER = com.xiaoming.beautiful;
				PRODUCT_NAME = "$(TARGET_NAME)";
				PROVISIONING_PROFILE = "";
				SWIFT_OBJC_BRIDGING_HEADER = "BeautifulApp/beautifulApp-Bridging-Header.h";
				SWIFT_VERSION = 3.0;
				TARGETED_DEVICE_FAMILY = 1;
				USER_HEADER_SEARCH_PATHS = "";
			};
			name = Debug;
		};
		F171CCC71BEBB15300F61307 /* Release */ = {
			isa = XCBuildConfiguration;
			baseConfigurationReference = 5BE80D667CD796059219F8E8 /* Pods-BeautifulApp.release.xcconfig */;
			buildSettings = {
				ALWAYS_EMBED_SWIFT_STANDARD_LIBRARIES = YES;
				ASSETCATALOG_COMPILER_APPICON_NAME = AppIcon;
				ASSETCATALOG_COMPILER_LAUNCHIMAGE_NAME = LaunchImage;
				CODE_SIGN_ENTITLEMENTS = "";
				CODE_SIGN_IDENTITY = "";
				"CODE_SIGN_IDENTITY[sdk=iphoneos*]" = "iPhone Developer";
				DEVELOPMENT_TEAM = 5N8LXT5RPD;
				FRAMEWORK_SEARCH_PATHS = (
					"$(inherited)",
					"$(PROJECT_DIR)/BeautifulApp/Class/Other/Lib/ShareSDK/libraries/extends/QQSDK",
					"$(PROJECT_DIR)/BeautifulApp/Class/Other/Lib/ShareSDK/libraries",
					"$(SDKROOT)$(SYSTEM_LIBRARY_DIR)/PrivateFrameworks",
					"$(PROJECT_DIR)/BeautifulApp/Class/Other/Lib/ShareSDK/Connection",
					"$(PROJECT_DIR)/BeautifulApp/Class/Other/Lib/ShareSDK/Core",
					"$(PROJECT_DIR)/BeautifulApp/Class/Other/Lib/ShareSDK/Extend/QQConnectSDK",
					"$(PROJECT_DIR)/BeautifulApp/Class/Other/Lib/ShareSDK",
					"$(PROJECT_DIR)/BeautifulApp/Class/Other/Lib/ShareSDK/UI",
				);
				HEADER_SEARCH_PATHS = (
					"$(inherited)",
					"\"${PODS_ROOT}/Headers/Public\"",
					"${SDK_DIR}/usr/include/libxml2",
				);
				INFOPLIST_FILE = BeautifulApp/Info.plist;
				IPHONEOS_DEPLOYMENT_TARGET = 9.0;
				LD_RUNPATH_SEARCH_PATHS = "$(inherited) @executable_path/Frameworks";
				LIBRARY_SEARCH_PATHS = "$(inherited)";
				ONLY_ACTIVE_ARCH = YES;
				PRODUCT_BUNDLE_IDENTIFIER = com.xiaoming.beautiful;
				PRODUCT_NAME = "$(TARGET_NAME)";
				PROVISIONING_PROFILE = "";
				SWIFT_OBJC_BRIDGING_HEADER = "BeautifulApp/beautifulApp-Bridging-Header.h";
				SWIFT_VERSION = 3.0;
				TARGETED_DEVICE_FAMILY = 1;
				USER_HEADER_SEARCH_PATHS = "";
			};
			name = Release;
		};
/* End XCBuildConfiguration section */

/* Begin XCConfigurationList section */
		F171CCAE1BEBB15300F61307 /* Build configuration list for PBXProject "BeautifulApp" */ = {
			isa = XCConfigurationList;
			buildConfigurations = (
				F171CCC31BEBB15300F61307 /* Debug */,
				F171CCC41BEBB15300F61307 /* Release */,
			);
			defaultConfigurationIsVisible = 0;
			defaultConfigurationName = Release;
		};
		F171CCC51BEBB15300F61307 /* Build configuration list for PBXNativeTarget "BeautifulApp" */ = {
			isa = XCConfigurationList;
			buildConfigurations = (
				F171CCC61BEBB15300F61307 /* Debug */,
				F171CCC71BEBB15300F61307 /* Release */,
			);
			defaultConfigurationIsVisible = 0;
			defaultConfigurationName = Release;
		};
/* End XCConfigurationList section */
	};
	rootObject = F171CCAB1BEBB15300F61307 /* Project object */;
}
