// !$*UTF8*$!
{
	archiveVersion = 1;
	classes = {
	};
	objectVersion = 46;
	objects = {

/* Begin PBXBuildFile section */
		F171CCB71BEBB15300F61307 /* AppDelegate.swift in Sources */ = {isa = PBXBuildFile; fileRef = F171CCB61BEBB15300F61307 /* AppDelegate.swift */; };
		F171CCB91BEBB15300F61307 /* ViewController.swift in Sources */ = {isa = PBXBuildFile; fileRef = F171CCB81BEBB15300F61307 /* ViewController.swift */; };
		F171CCBC1BEBB15300F61307 /* Main.storyboard in Resources */ = {isa = PBXBuildFile; fileRef = F171CCBA1BEBB15300F61307 /* Main.storyboard */; };
		F171CCBE1BEBB15300F61307 /* Assets.xcassets in Resources */ = {isa = PBXBuildFile; fileRef = F171CCBD1BEBB15300F61307 /* Assets.xcassets */; };
		F171CCC11BEBB15300F61307 /* LaunchScreen.storyboard in Resources */ = {isa = PBXBuildFile; fileRef = F171CCBF1BEBB15300F61307 /* LaunchScreen.storyboard */; };
/* End PBXBuildFile section */

/* Begin PBXFileReference section */
		F171CCB31BEBB15300F61307 /* BeautifulApp.app */ = {isa = PBXFileReference; explicitFileType = wrapper.application; includeInIndex = 0; path = BeautifulApp.app; sourceTree = BUILT_PRODUCTS_DIR; };
		F171CCB61BEBB15300F61307 /* AppDelegate.swift */ = {isa = PBXFileReference; lastKnownFileType = sourcecode.swift; path = AppDelegate.swift; sourceTree = "<group>"; };
		F171CCB81BEBB15300F61307 /* ViewController.swift */ = {isa = PBXFileReference; lastKnownFileType = sourcecode.swift; path = ViewController.swift; sourceTree = "<group>"; };
		F171CCBB1BEBB15300F61307 /* Base */ = {isa = PBXFileReference; lastKnownFileType = file.storyboard; name = Base; path = Base.lproj/Main.storyboard; sourceTree = "<group>"; };
		F171CCBD1BEBB15300F61307 /* Assets.xcassets */ = {isa = PBXFileReference; lastKnownFileType = folder.assetcatalog; path = Assets.xcassets; sourceTree = "<group>"; };
		F171CCC01BEBB15300F61307 /* Base */ = {isa = PBXFileReference; lastKnownFileType = file.storyboard; name = Base; path = Base.lproj/LaunchScreen.storyboard; sourceTree = "<group>"; };
		F171CCC21BEBB15300F61307 /* Info.plist */ = {isa = PBXFileReference; lastKnownFileType = text.plist.xml; path = Info.plist; sourceTree = "<group>"; };
/* End PBXFileReference section */

/* Begin PBXFrameworksBuildPhase section */
		F171CCB01BEBB15300F61307 /* Frameworks */ = {
			isa = PBXFrameworksBuildPhase;
			buildActionMask = 2147483647;
			files = (
			);
			runOnlyForDeploymentPostprocessing = 0;
		};
/* End PBXFrameworksBuildPhase section */

/* Begin PBXGroup section */
		F171CCAA1BEBB15300F61307 = {
			isa = PBXGroup;
			children = (
				F171CCB51BEBB15300F61307 /* BeautifulApp */,
				F171CCB41BEBB15300F61307 /* Products */,
			);
			sourceTree = "<group>";
		};
		F171CCB41BEBB15300F61307 /* Products */ = {
			isa = PBXGroup;
			children = (
				F171CCB31BEBB15300F61307 /* BeautifulApp.app */,
			);
			name = Products;
			sourceTree = "<group>";
		};
		F171CCB51BEBB15300F61307 /* BeautifulApp */ = {
			isa = PBXGroup;
			children = (
				F171CCB61BEBB15300F61307 /* AppDelegate.swift */,
				F171CCB81BEBB15300F61307 /* ViewController.swift */,
				F171CCBA1BEBB15300F61307 /* Main.storyboard */,
				F171CCBD1BEBB15300F61307 /* Assets.xcassets */,
				F171CCBF1BEBB15300F61307 /* LaunchScreen.storyboard */,
				F171CCC21BEBB15300F61307 /* Info.plist */,
			);
			path = BeautifulApp;
			sourceTree = "<group>";
		};
/* End PBXGroup section */

/* Begin PBXNativeTarget section */
		F171CCB21BEBB15300F61307 /* BeautifulApp */ = {
			isa = PBXNativeTarget;
			buildConfigurationList = F171CCC51BEBB15300F61307 /* Build configuration list for PBXNativeTarget "BeautifulApp" */;
			buildPhases = (
				F171CCAF1BEBB15300F61307 /* Sources */,
				F171CCB01BEBB15300F61307 /* Frameworks */,
				F171CCB11BEBB15300F61307 /* Resources */,
			);
			buildRules = (
			);
			dependencies = (
			);
			name = BeautifulApp;
			productName = BeautifulApp;
			productReference = F171CCB31BEBB15300F61307 /* BeautifulApp.app */;
			productType = "com.apple.product-type.application";
		};
/* End PBXNativeTarget section */

/* Begin PBXProject section */
		F171CCAB1BEBB15300F61307 /* Project object */ = {
			isa = PBXProject;
			attributes = {
				LastSwiftUpdateCheck = 0710;
				LastUpgradeCheck = 0710;
				ORGANIZATIONNAME = xiaoming;
				TargetAttributes = {
					F171CCB21BEBB15300F61307 = {
						CreatedOnToolsVersion = 7.1;
					};
				};
			};
			buildConfigurationList = F171CCAE1BEBB15300F61307 /* Build configuration list for PBXProject "BeautifulApp" */;
			compatibilityVersion = "Xcode 3.2";
			developmentRegion = English;
			hasScannedForEncodings = 0;
			knownRegions = (
				en,
				Base,
			);
			mainGroup = F171CCAA1BEBB15300F61307;
			productRefGroup = F171CCB41BEBB15300F61307 /* Products */;
			projectDirPath = "";
			projectRoot = "";
			targets = (
				F171CCB21BEBB15300F61307 /* BeautifulApp */,
			);
		};
/* End PBXProject section */

/* Begin PBXResourcesBuildPhase section */
		F171CCB11BEBB15300F61307 /* Resources */ = {
			isa = PBXResourcesBuildPhase;
			buildActionMask = 2147483647;
			files = (
				F171CCC11BEBB15300F61307 /* LaunchScreen.storyboard in Resources */,
				F171CCBE1BEBB15300F61307 /* Assets.xcassets in Resources */,
				F171CCBC1BEBB15300F61307 /* Main.storyboard in Resources */,
			);
			runOnlyForDeploymentPostprocessing = 0;
		};
/* End PBXResourcesBuildPhase section */

/* Begin PBXSourcesBuildPhase section */
		F171CCAF1BEBB15300F61307 /* Sources */ = {
			isa = PBXSourcesBuildPhase;
			buildActionMask = 2147483647;
			files = (
				F171CCB91BEBB15300F61307 /* ViewController.swift in Sources */,
				F171CCB71BEBB15300F61307 /* AppDelegate.swift in Sources */,
			);
			runOnlyForDeploymentPostprocessing = 0;
		};
/* End PBXSourcesBuildPhase section */

/* Begin PBXVariantGroup section */
		F171CCBA1BEBB15300F61307 /* Main.storyboard */ = {
			isa = PBXVariantGroup;
			children = (
				F171CCBB1BEBB15300F61307 /* Base */,
			);
			name = Main.storyboard;
			sourceTree = "<group>";
		};
		F171CCBF1BEBB15300F61307 /* LaunchScreen.storyboard */ = {
			isa = PBXVariantGroup;
			children = (
				F171CCC01BEBB15300F61307 /* Base */,
			);
			name = LaunchScreen.storyboard;
			sourceTree = "<group>";
		};
/* End PBXVariantGroup section */

/* Begin XCBuildConfiguration section */
		F171CCC31BEBB15300F61307 /* Debug */ = {
			isa = XCBuildConfiguration;
			buildSettings = {
				ALWAYS_SEARCH_USER_PATHS = NO;
				CLANG_CXX_LANGUAGE_STANDARD = "gnu++0x";
				CLANG_CXX_LIBRARY = "libc++";
				CLANG_ENABLE_MODULES = YES;
				CLANG_ENABLE_OBJC_ARC = YES;
				CLANG_WARN_BOOL_CONVERSION = YES;
				CLANG_WARN_CONSTANT_CONVERSION = YES;
				CLANG_WARN_DIRECT_OBJC_ISA_USAGE = YES_ERROR;
				CLANG_WARN_EMPTY_BODY = YES;
				CLANG_WARN_ENUM_CONVERSION = YES;
				CLANG_WARN_INT_CONVERSION = YES;
				CLANG_WARN_OBJC_ROOT_CLASS = YES_ERROR;
				CLANG_WARN_UNREACHABLE_CODE = YES;
				CLANG_WARN__DUPLICATE_METHOD_MATCH = YES;
				"CODE_SIGN_IDENTITY[sdk=iphoneos*]" = "iPhone Developer";
				COPY_PHASE_STRIP = NO;
				DEBUG_INFORMATION_FORMAT = dwarf;
				ENABLE_STRICT_OBJC_MSGSEND = YES;
				ENABLE_TESTABILITY = YES;
				GCC_C_LANGUAGE_STANDARD = gnu99;
				GCC_DYNAMIC_NO_PIC = NO;
				GCC_NO_COMMON_BLOCKS = YES;
				GCC_OPTIMIZATION_LEVEL = 0;
				GCC_PREPROCESSOR_DEFINITIONS = (
					"DEBUG=1",
					"$(inherited)",
				);
				GCC_WARN_64_TO_32_BIT_CONVERSION = YES;
				GCC_WARN_ABOUT_RETURN_TYPE = YES_ERROR;
				GCC_WARN_UNDECLARED_SELECTOR = YES;
				GCC_WARN_UNINITIALIZED_AUTOS = YES_AGGRESSIVE;
				GCC_WARN_UNUSED_FUNCTION = YES;
				GCC_WARN_UNUSED_VARIABLE = YES;
				IPHONEOS_DEPLOYMENT_TARGET = 9.1;
				MTL_ENABLE_DEBUG_INFO = YES;
				ONLY_ACTIVE_ARCH = YES;
				SDKROOT = iphoneos;
				SWIFT_OPTIMIZATION_LEVEL = "-Onone";
				TARGETED_DEVICE_FAMILY = "1,2";
			};
			name = Debug;
		};
		F171CCC41BEBB15300F61307 /* Release */ = {
			isa = XCBuildConfiguration;
			buildSettings = {
				ALWAYS_SEARCH_USER_PATHS = NO;
				CLANG_CXX_LANGUAGE_STANDARD = "gnu++0x";
				CLANG_CXX_LIBRARY = "libc++";
				CLANG_ENABLE_MODULES = YES;
				CLANG_ENABLE_OBJC_ARC = YES;
				CLANG_WARN_BOOL_CONVERSION = YES;
				CLANG_WARN_CONSTANT_CONVERSION = YES;
				CLANG_WARN_DIRECT_OBJC_ISA_USAGE = YES_ERROR;
				CLANG_WARN_EMPTY_BODY = YES;
				CLANG_WARN_ENUM_CONVERSION = YES;
				CLANG_WARN_INT_CONVERSION = YES;
				CLANG_WARN_OBJC_ROOT_CLASS = YES_ERROR;
				CLANG_WARN_UNREACHABLE_CODE = YES;
				CLANG_WARN__DUPLICATE_METHOD_MATCH = YES;
				"CODE_SIGN_IDENTITY[sdk=iphoneos*]" = "iPhone Developer";
				COPY_PHASE_STRIP = NO;
				DEBUG_INFORMATION_FORMAT = "dwarf-with-dsym";
				ENABLE_NS_ASSERTIONS = NO;
				ENABLE_STRICT_OBJC_MSGSEND = YES;
				GCC_C_LANGUAGE_STANDARD = gnu99;
				GCC_NO_COMMON_BLOCKS = YES;
				GCC_WARN_64_TO_32_BIT_CONVERSION = YES;
				GCC_WARN_ABOUT_RETURN_TYPE = YES_ERROR;
				GCC_WARN_UNDECLARED_SELECTOR = YES;
				GCC_WARN_UNINITIALIZED_AUTOS = YES_AGGRESSIVE;
				GCC_WARN_UNUSED_FUNCTION = YES;
				GCC_WARN_UNUSED_VARIABLE = YES;
				IPHONEOS_DEPLOYMENT_TARGET = 9.1;
				MTL_ENABLE_DEBUG_INFO = NO;
				SDKROOT = iphoneos;
				TARGETED_DEVICE_FAMILY = "1,2";
				VALIDATE_PRODUCT = YES;
			};
			name = Release;
		};
		F171CCC61BEBB15300F61307 /* Debug */ = {
			isa = XCBuildConfiguration;
			buildSettings = {
				ASSETCATALOG_COMPILER_APPICON_NAME = AppIcon;
				INFOPLIST_FILE = BeautifulApp/Info.plist;
				LD_RUNPATH_SEARCH_PATHS = "$(inherited) @executable_path/Frameworks";
				PRODUCT_BUNDLE_IDENTIFIER = xiaoming.com.BeautifulApp;
				PRODUCT_NAME = "$(TARGET_NAME)";
			};
			name = Debug;
		};
		F171CCC71BEBB15300F61307 /* Release */ = {
			isa = XCBuildConfiguration;
			buildSettings = {
				ASSETCATALOG_COMPILER_APPICON_NAME = AppIcon;
				INFOPLIST_FILE = BeautifulApp/Info.plist;
				LD_RUNPATH_SEARCH_PATHS = "$(inherited) @executable_path/Frameworks";
				PRODUCT_BUNDLE_IDENTIFIER = xiaoming.com.BeautifulApp;
				PRODUCT_NAME = "$(TARGET_NAME)";
			};
			name = Release;
		};
/* End XCBuildConfiguration section */

/* Begin XCConfigurationList section */
		F171CCAE1BEBB15300F61307 /* Build configuration list for PBXProject "BeautifulApp" */ = {
			isa = XCConfigurationList;
			buildConfigurations = (
				F171CCC31BEBB15300F61307 /* Debug */,
				F171CCC41BEBB15300F61307 /* Release */,
			);
			defaultConfigurationIsVisible = 0;
			defaultConfigurationName = Release;
		};
		F171CCC51BEBB15300F61307 /* Build configuration list for PBXNativeTarget "BeautifulApp" */ = {
			isa = XCConfigurationList;
			buildConfigurations = (
				F171CCC61BEBB15300F61307 /* Debug */,
				F171CCC71BEBB15300F61307 /* Release */,
			);
			defaultConfigurationIsVisible = 0;
		};
/* End XCConfigurationList section */
	};
	rootObject = F171CCAB1BEBB15300F61307 /* Project object */;
}
